// !$*UTF8*$!
{
	archiveVersion = 1;
	classes = {
	};
	objectVersion = 70;
	objects = {

/* Begin PBXBuildFile section */
		BD653F88231C43FA00D59A88 /* Constants.swift in Sources */ = {isa = PBXBuildFile; fileRef = BD653F87231C43FA00D59A88 /* Constants.swift */; };
		BD86DD8522B9CDD500115E5D /* KeychainHelper.swift in Sources */ = {isa = PBXBuildFile; fileRef = BD86DD8422B9CDD500115E5D /* KeychainHelper.swift */; };
		BD92271B22CD3743004E2408 /* UtilityExtensions.swift in Sources */ = {isa = PBXBuildFile; fileRef = BD92271A22CD3743004E2408 /* UtilityExtensions.swift */; };
		BDD015A1234CF551000BA001 /* Colors.xcassets in Resources */ = {isa = PBXBuildFile; fileRef = BDD015A0234CEF86000BA001 /* Colors.xcassets */; };
		BDD015A32353F7D4000BA001 /* PBHSplitViewController.swift in Sources */ = {isa = PBXBuildFile; fileRef = BDD015A22353F7D4000BA001 /* PBHSplitViewController.swift */; };
		D004DB7723920E820080A7D1 /* Preview.bundle in Resources */ = {isa = PBXBuildFile; fileRef = D004DB7623920E820080A7D1 /* Preview.bundle */; };
		D00CDFBF194E65B3007505E9 /* Localizable.strings in Resources */ = {isa = PBXBuildFile; fileRef = D00CDFC1194E65B4007505E9 /* Localizable.strings */; };
		D01067E22213BB5E0047E090 /* NoteProtocol.swift in Sources */ = {isa = PBXBuildFile; fileRef = D01067E12213BB5E0047E090 /* NoteProtocol.swift */; };
		D01067E42213BDF30047E090 /* AppDelegate.swift in Sources */ = {isa = PBXBuildFile; fileRef = D01067E32213BDF20047E090 /* AppDelegate.swift */; };
		D01067E62213C17D0047E090 /* NotesTableViewController.swift in Sources */ = {isa = PBXBuildFile; fileRef = D01067E52213C17D0047E090 /* NotesTableViewController.swift */; };
		D017D4241D3B03BE00B21443 /* WebKit.framework in Frameworks */ = {isa = PBXBuildFile; fileRef = D017D4231D3B03BE00B21443 /* WebKit.framework */; };
		D02256C71891FD7C0038232A /* defaults.plist in Resources */ = {isa = PBXBuildFile; fileRef = D02256C61891FD7C0038232A /* defaults.plist */; };
		D0225709189745C40038232A /* Settings.bundle in Resources */ = {isa = PBXBuildFile; fileRef = D0225708189745C40038232A /* Settings.bundle */; };
		D02D15CC2905D756006ADCBB /* OpenSSL in Frameworks */ = {isa = PBXBuildFile; productRef = D02D15CB2905D756006ADCBB /* OpenSSL */; };
		D03493B722F2837500E1A9B0 /* NoteTableViewCell.swift in Sources */ = {isa = PBXBuildFile; fileRef = D03493B622F2837500E1A9B0 /* NoteTableViewCell.swift */; };
		D03493B922F3CC5700E1A9B0 /* CategoryTableViewController.swift in Sources */ = {isa = PBXBuildFile; fileRef = D03493B822F3CC5700E1A9B0 /* CategoryTableViewController.swift */; };
		D0545F23230901D30001D165 /* PBHOpenInActivity.swift in Sources */ = {isa = PBXBuildFile; fileRef = D0545F22230901D30001D165 /* PBHOpenInActivity.swift */; };
		D0595C7C238632610004C4E8 /* KeychainAccess in Frameworks */ = {isa = PBXBuildFile; productRef = D0595C7B238632610004C4E8 /* KeychainAccess */; };
		D059F7DB1D40596D00C252F2 /* NoteExporter.swift in Sources */ = {isa = PBXBuildFile; fileRef = D059F7DA1D40596D00C252F2 /* NoteExporter.swift */; };
		D06882EC22BACDA300CEBC1F /* SettingsTableViewController.swift in Sources */ = {isa = PBXBuildFile; fileRef = D06882EB22BACDA300CEBC1F /* SettingsTableViewController.swift */; };
		D06882EE22BB146200CEBC1F /* EditorViewController.swift in Sources */ = {isa = PBXBuildFile; fileRef = D06882ED22BB146200CEBC1F /* EditorViewController.swift */; };
		D06CDA60238F6EC300CF90B0 /* Alamofire in Frameworks */ = {isa = PBXBuildFile; productRef = D06CDA5F238F6EC300CF90B0 /* Alamofire */; };
		D075B1BC2906DDBF0085D64E /* ServerStatus.swift in Sources */ = {isa = PBXBuildFile; fileRef = D075B1BB2906DDBF0085D64E /* ServerStatus.swift */; };
		D075B1BE29074E6B0085D64E /* CertificateViewController.swift in Sources */ = {isa = PBXBuildFile; fileRef = D075B1BD29074E6B0085D64E /* CertificateViewController.swift */; };
		D078A1C4239C8A2000E1A004 /* CoreServices.framework in Frameworks */ = {isa = PBXBuildFile; fileRef = D078A1C3239C8A2000E1A004 /* CoreServices.framework */; };
		D07F5E8E2207B6FF00528E90 /* NoteRouter.swift in Sources */ = {isa = PBXBuildFile; fileRef = D07F5E8D2207B6FF00528E90 /* NoteRouter.swift */; };
		D08713ED1D18DA40001EAF82 /* HeaderTextView.swift in Sources */ = {isa = PBXBuildFile; fileRef = D08713EC1D18DA40001EAF82 /* HeaderTextView.swift */; };
		D095384A1D3313F8006BB78E /* PreviewViewController.swift in Sources */ = {isa = PBXBuildFile; fileRef = D09538421D32A56A006BB78E /* PreviewViewController.swift */; };
		D095AE45245BB25F00A7EF62 /* NoteSessionManager.swift in Sources */ = {isa = PBXBuildFile; fileRef = D01067DD220BCE3C0047E090 /* NoteSessionManager.swift */; };
		D09E430C1E2C46930010E4B3 /* Main_iPhone.storyboard in Resources */ = {isa = PBXBuildFile; fileRef = D09E430E1E2C46930010E4B3 /* Main_iPhone.storyboard */; };
		D09E6451248B3A7C003FB4C9 /* OCSProtocol.swift in Sources */ = {isa = PBXBuildFile; fileRef = D09E6450248B3A7C003FB4C9 /* OCSProtocol.swift */; };
		D0AB0E7B2470B74D00D3E6B6 /* Media.xcassets in Resources */ = {isa = PBXBuildFile; fileRef = D0AB0E7A2470B74D00D3E6B6 /* Media.xcassets */; };
		D0AB0E7D2470B74D00D3E6B6 /* ActionViewController.swift in Sources */ = {isa = PBXBuildFile; fileRef = D0AB0E7C2470B74D00D3E6B6 /* ActionViewController.swift */; };
		D0AB0E802470B74D00D3E6B6 /* MainInterface.storyboard in Resources */ = {isa = PBXBuildFile; fileRef = D0AB0E7E2470B74D00D3E6B6 /* MainInterface.storyboard */; };
		D0AB0E842470B74D00D3E6B6 /* ActionExtension.appex in Embed Foundation Extensions */ = {isa = PBXBuildFile; fileRef = D0AB0E782470B74D00D3E6B6 /* ActionExtension.appex */; settings = {ATTRIBUTES = (RemoveHeadersOnCopy, ); }; };
		D0B0F3A427360BD000E51C3F /* NotesFRCManager.swift in Sources */ = {isa = PBXBuildFile; fileRef = D0B0F3A327360BD000E51C3F /* NotesFRCManager.swift */; };
		D0B6D4AE22F91DDA0037E073 /* CollapsibleTableViewHeaderView.swift in Sources */ = {isa = PBXBuildFile; fileRef = D0B6D4AC22F91DDA0037E073 /* CollapsibleTableViewHeaderView.swift */; };
		D0B6D4AF22F91DDA0037E073 /* CollapsibleTableViewHeaderView.xib in Resources */ = {isa = PBXBuildFile; fileRef = D0B6D4AD22F91DDA0037E073 /* CollapsibleTableViewHeaderView.xib */; };
		D0BCFE612454BF0B007C4CA3 /* Settings.storyboard in Resources */ = {isa = PBXBuildFile; fileRef = D0BCFE632454BF0B007C4CA3 /* Settings.storyboard */; };
		D0BCFE6A2454BF40007C4CA3 /* Categories.storyboard in Resources */ = {isa = PBXBuildFile; fileRef = D0BCFE6C2454BF40007C4CA3 /* Categories.storyboard */; };
		D0C1C39F2462448D00AAC4A8 /* SyncOperation.swift in Sources */ = {isa = PBXBuildFile; fileRef = D0C1C39E2462448D00AAC4A8 /* SyncOperation.swift */; };
		D0C876DF248F18700052EA63 /* Version in Frameworks */ = {isa = PBXBuildFile; productRef = D0C876DE248F18700052EA63 /* Version */; };
		D0CAFF092533E7FB00C47FA0 /* SwiftMessages in Frameworks */ = {isa = PBXBuildFile; productRef = D0CAFF082533E7FB00C47FA0 /* SwiftMessages */; };
		D0CAFF162533E89900C47FA0 /* PKHUD in Frameworks */ = {isa = PBXBuildFile; productRef = D0CAFF152533E89900C47FA0 /* PKHUD */; };
		D0CFE5371888A7BD00165839 /* Foundation.framework in Frameworks */ = {isa = PBXBuildFile; fileRef = D0CFE5361888A7BD00165839 /* Foundation.framework */; };
		D0CFE53B1888A7BD00165839 /* UIKit.framework in Frameworks */ = {isa = PBXBuildFile; fileRef = D0CFE53A1888A7BD00165839 /* UIKit.framework */; };
		D0CFE5411888A7BD00165839 /* InfoPlist.strings in Resources */ = {isa = PBXBuildFile; fileRef = D0CFE53F1888A7BD00165839 /* InfoPlist.strings */; };
		D0CFE5AD1890659600165839 /* QuartzCore.framework in Frameworks */ = {isa = PBXBuildFile; fileRef = D0CFE5AC1890659600165839 /* QuartzCore.framework */; };
		D0E38B0324930C410075B7F0 /* Throttler.swift in Sources */ = {isa = PBXBuildFile; fileRef = D09E644E248ABAEB003FB4C9 /* Throttler.swift */; };
		D0E60F152772D809009CF78F /* SettingsProtocol.swift in Sources */ = {isa = PBXBuildFile; fileRef = D0E60F142772D809009CF78F /* SettingsProtocol.swift */; };
		D0E60F1827741633009CF78F /* FileExtensionTableViewController.swift in Sources */ = {isa = PBXBuildFile; fileRef = D0E60F1727741633009CF78F /* FileExtensionTableViewController.swift */; };
		D0E60F1A27756608009CF78F /* LoginViewController.swift in Sources */ = {isa = PBXBuildFile; fileRef = D0E60F1927756608009CF78F /* LoginViewController.swift */; };
		D0E60F242777DD38009CF78F /* cmark_gfm_swift in Frameworks */ = {isa = PBXBuildFile; productRef = D0E60F232777DD38009CF78F /* cmark_gfm_swift */; };
		D0E60F28277801F8009CF78F /* PreviewWebView.swift in Sources */ = {isa = PBXBuildFile; fileRef = D0E60F27277801F8009CF78F /* PreviewWebView.swift */; };
		D0E60F57277FADD5009CF78F /* Storage.swift in Sources */ = {isa = PBXBuildFile; fileRef = D0E60F37277FADD5009CF78F /* Storage.swift */; };
		D0E60F59277FADD5009CF78F /* Style.swift in Sources */ = {isa = PBXBuildFile; fileRef = D0E60F39277FADD5009CF78F /* Style.swift */; };
		D0E60F5A277FADD5009CF78F /* UniversalTypes.swift in Sources */ = {isa = PBXBuildFile; fileRef = D0E60F3A277FADD5009CF78F /* UniversalTypes.swift */; };
		D0E60F5C277FADD5009CF78F /* AttributedStringKey.swift in Sources */ = {isa = PBXBuildFile; fileRef = D0E60F3C277FADD5009CF78F /* AttributedStringKey.swift */; };
		D0E60F5E277FADD5009CF78F /* Theme.swift in Sources */ = {isa = PBXBuildFile; fileRef = D0E60F3E277FADD5009CF78F /* Theme.swift */; };
		D0E60F5F277FADD5009CF78F /* Element.swift in Sources */ = {isa = PBXBuildFile; fileRef = D0E60F3F277FADD5009CF78F /* Element.swift */; };
		D0E60F64277FADD6009CF78F /* LayoutManager.swift in Sources */ = {isa = PBXBuildFile; fileRef = D0E60F44277FADD5009CF78F /* LayoutManager.swift */; };
		D0E60F71277FADD6009CF78F /* CheckBoxTapHandler.swift in Sources */ = {isa = PBXBuildFile; fileRef = D0E60F52277FADD5009CF78F /* CheckBoxTapHandler.swift */; };
		D0E60F74277FADD6009CF78F /* Extensions.swift in Sources */ = {isa = PBXBuildFile; fileRef = D0E60F55277FADD5009CF78F /* Extensions.swift */; };
		D0E60F76277FB0A5009CF78F /* Themes.bundle in Resources */ = {isa = PBXBuildFile; fileRef = D0E60F75277FB0A5009CF78F /* Themes.bundle */; };
		F389ABFF2C9C40210056C059 /* Custom.xcassets in Resources */ = {isa = PBXBuildFile; fileRef = F389ABFE2C9C40210056C059 /* Custom.xcassets */; };
		F3E3C8D92C6B7C2200A80504 /* NCBrand.swift in Sources */ = {isa = PBXBuildFile; fileRef = F3E3C8D82C6B7C2200A80504 /* NCBrand.swift */; };
		F3E3C8DC2C6B7DA600A80504 /* UIColor+Extension.swift in Sources */ = {isa = PBXBuildFile; fileRef = F3E3C8DB2C6B7DA600A80504 /* UIColor+Extension.swift */; };
		F3F7344E2C6FA550007C8C0B /* CDNote+CoreDataClass.swift in Sources */ = {isa = PBXBuildFile; fileRef = F3F734472C6FA550007C8C0B /* CDNote+CoreDataClass.swift */; };
		F3F7344F2C6FA550007C8C0B /* CDNote+CoreDataProperties.swift in Sources */ = {isa = PBXBuildFile; fileRef = F3F734482C6FA550007C8C0B /* CDNote+CoreDataProperties.swift */; };
		F3F734512C6FA550007C8C0B /* Notes.xcdatamodeld in Sources */ = {isa = PBXBuildFile; fileRef = F3F7344A2C6FA550007C8C0B /* Notes.xcdatamodeld */; };
		F3F734522C6FA550007C8C0B /* NotesData.swift in Sources */ = {isa = PBXBuildFile; fileRef = F3F7344B2C6FA550007C8C0B /* NotesData.swift */; };
		F3F734582C6FAC17007C8C0B /* Theming.swift in Sources */ = {isa = PBXBuildFile; fileRef = F3F734572C6FAC17007C8C0B /* Theming.swift */; };
		F3F7345B2C6FAD80007C8C0B /* BaseUIVIewController.swift in Sources */ = {isa = PBXBuildFile; fileRef = F3F7345A2C6FAD80007C8C0B /* BaseUIVIewController.swift */; };
		F75D7B1229C8687C00ABD392 /* JGProgressHUD in Frameworks */ = {isa = PBXBuildFile; productRef = F75D7B1129C8687C00ABD392 /* JGProgressHUD */; };
		F770842529C45BD000367DBD /* NCService.swift in Sources */ = {isa = PBXBuildFile; fileRef = F770842429C45BD000367DBD /* NCService.swift */; };
		F770842729C462C700367DBD /* NCNetworking.swift in Sources */ = {isa = PBXBuildFile; fileRef = F770842629C462C700367DBD /* NCNetworking.swift */; };
		F77B56FF2993DE6300A23E76 /* NextcloudKit in Frameworks */ = {isa = PBXBuildFile; productRef = F77B56FE2993DE6300A23E76 /* NextcloudKit */; };
		F77B57042993E32100A23E76 /* NCShareAccounts.storyboard in Resources */ = {isa = PBXBuildFile; fileRef = F77B57022993E32100A23E76 /* NCShareAccounts.storyboard */; };
		F77B57052993E32100A23E76 /* NCShareAccounts.swift in Sources */ = {isa = PBXBuildFile; fileRef = F77B57032993E32100A23E76 /* NCShareAccounts.swift */; };
		F77B57082993E39500A23E76 /* NCPopupViewController.swift in Sources */ = {isa = PBXBuildFile; fileRef = F77B57072993E39500A23E76 /* NCPopupViewController.swift */; };
		F7BB8B7229915A650010D2F7 /* Launch Screen.storyboard in Resources */ = {isa = PBXBuildFile; fileRef = F7BB8B7129915A650010D2F7 /* Launch Screen.storyboard */; };
		F7F0812A299D0B53006A2041 /* NCViewerNextcloudText.storyboard in Resources */ = {isa = PBXBuildFile; fileRef = F7F08128299D0B53006A2041 /* NCViewerNextcloudText.storyboard */; };
		F7F0812B299D0B53006A2041 /* NCViewerNextcloudText.swift in Sources */ = {isa = PBXBuildFile; fileRef = F7F08129299D0B53006A2041 /* NCViewerNextcloudText.swift */; };
/* End PBXBuildFile section */

/* Begin PBXContainerItemProxy section */
		D0AB0E822470B74D00D3E6B6 /* PBXContainerItemProxy */ = {
			isa = PBXContainerItemProxy;
			containerPortal = D0CFE52B1888A7BD00165839 /* Project object */;
			proxyType = 1;
			remoteGlobalIDString = D0AB0E772470B74D00D3E6B6;
			remoteInfo = ActionExtension;
		};
/* End PBXContainerItemProxy section */

/* Begin PBXCopyFilesBuildPhase section */
		D094DACC24661889007E562B /* Embed Foundation Extensions */ = {
			isa = PBXCopyFilesBuildPhase;
			buildActionMask = 8;
			dstPath = "";
			dstSubfolderSpec = 13;
			files = (
				D0AB0E842470B74D00D3E6B6 /* ActionExtension.appex in Embed Foundation Extensions */,
			);
			name = "Embed Foundation Extensions";
			runOnlyForDeploymentPostprocessing = 1;
		};
/* End PBXCopyFilesBuildPhase section */

/* Begin PBXFileReference section */
		AA360F442D71E6EF00BDC831 /* iOCNotes.xcconfig */ = {isa = PBXFileReference; lastKnownFileType = text.xcconfig; path = iOCNotes.xcconfig; sourceTree = "<group>"; };
		AA592A6E2DBBBA3B003A3057 /* .swiftlint.yml */ = {isa = PBXFileReference; lastKnownFileType = text.yaml; path = .swiftlint.yml; sourceTree = "<group>"; };
		AABD0BF82D5E08B500F009E6 /* README.md */ = {isa = PBXFileReference; lastKnownFileType = net.daringfireball.markdown; path = README.md; sourceTree = "<group>"; };
		BD653F87231C43FA00D59A88 /* Constants.swift */ = {isa = PBXFileReference; lastKnownFileType = sourcecode.swift; path = Constants.swift; sourceTree = "<group>"; };
		BD86DD8422B9CDD500115E5D /* KeychainHelper.swift */ = {isa = PBXFileReference; lastKnownFileType = sourcecode.swift; path = KeychainHelper.swift; sourceTree = "<group>"; };
		BD92271622C92EBB004E2408 /* PKHUD.framework */ = {isa = PBXFileReference; lastKnownFileType = wrapper.framework; name = PKHUD.framework; path = Carthage/Build/iOS/PKHUD.framework; sourceTree = "<group>"; };
		BD92271A22CD3743004E2408 /* UtilityExtensions.swift */ = {isa = PBXFileReference; lastKnownFileType = sourcecode.swift; path = UtilityExtensions.swift; sourceTree = "<group>"; };
		BD92271E22CF4EBD004E2408 /* SwiftMessages.framework */ = {isa = PBXFileReference; lastKnownFileType = wrapper.framework; name = SwiftMessages.framework; path = Carthage/Build/iOS/SwiftMessages.framework; sourceTree = "<group>"; };
		BD92272622D7874E004E2408 /* Notepad.framework */ = {isa = PBXFileReference; lastKnownFileType = wrapper.framework; name = Notepad.framework; path = Carthage/Build/iOS/Notepad.framework; sourceTree = "<group>"; };
		BDC5FF8A23EB996200E0EB17 /* Notepad.framework */ = {isa = PBXFileReference; lastKnownFileType = wrapper.framework; name = Notepad.framework; path = Carthage/Build/Mac/Notepad.framework; sourceTree = "<group>"; };
		BDD015A0234CEF86000BA001 /* Colors.xcassets */ = {isa = PBXFileReference; lastKnownFileType = folder.assetcatalog; path = Colors.xcassets; sourceTree = "<group>"; };
		BDD015A22353F7D4000BA001 /* PBHSplitViewController.swift */ = {isa = PBXFileReference; lastKnownFileType = sourcecode.swift; path = PBHSplitViewController.swift; sourceTree = "<group>"; };
		BDDD77A8235CDF130053DAEC /* NotesTests.swift */ = {isa = PBXFileReference; lastKnownFileType = sourcecode.swift; path = NotesTests.swift; sourceTree = "<group>"; };
		D004DB652391EBA70080A7D1 /* SwiftMessages.framework */ = {isa = PBXFileReference; lastKnownFileType = wrapper.framework; name = SwiftMessages.framework; path = Carthage/Build/macCatalyst/SwiftMessages.framework; sourceTree = "<group>"; };
		D004DB7623920E820080A7D1 /* Preview.bundle */ = {isa = PBXFileReference; lastKnownFileType = "wrapper.plug-in"; path = Preview.bundle; sourceTree = "<group>"; };
		D004DB7E23948F3D0080A7D1 /* SceneDelegate.swift */ = {isa = PBXFileReference; lastKnownFileType = sourcecode.swift; path = SceneDelegate.swift; sourceTree = "<group>"; };
		D004DB82239759020080A7D1 /* SettingsSceneDelegate.swift */ = {isa = PBXFileReference; lastKnownFileType = sourcecode.swift; path = SettingsSceneDelegate.swift; sourceTree = "<group>"; };
		D00CDFBB194E64F9007505E9 /* fr */ = {isa = PBXFileReference; lastKnownFileType = text.plist.strings; name = fr; path = fr.lproj/InfoPlist.strings; sourceTree = "<group>"; };
		D00CDFBC194E64F9007505E9 /* fr */ = {isa = PBXFileReference; lastKnownFileType = text.plist.strings; name = fr; path = fr.lproj/InfoPlist.strings; sourceTree = "<group>"; };
		D00CDFC0194E65B4007505E9 /* en */ = {isa = PBXFileReference; lastKnownFileType = text.plist.strings; name = en; path = en.lproj/Localizable.strings; sourceTree = "<group>"; };
		D00CDFC2194E65D4007505E9 /* fr */ = {isa = PBXFileReference; lastKnownFileType = text.plist.strings; name = fr; path = fr.lproj/Localizable.strings; sourceTree = "<group>"; };
		D00CDFC5194E6835007505E9 /* de */ = {isa = PBXFileReference; lastKnownFileType = text.plist.strings; name = de; path = de.lproj/Localizable.strings; sourceTree = "<group>"; };
		D00CDFC6194E6835007505E9 /* de */ = {isa = PBXFileReference; lastKnownFileType = text.plist.strings; name = de; path = de.lproj/InfoPlist.strings; sourceTree = "<group>"; };
		D00CDFC7194E6835007505E9 /* de */ = {isa = PBXFileReference; lastKnownFileType = text.plist.strings; name = de; path = de.lproj/InfoPlist.strings; sourceTree = "<group>"; };
		D01067DD220BCE3C0047E090 /* NoteSessionManager.swift */ = {isa = PBXFileReference; lastKnownFileType = sourcecode.swift; path = NoteSessionManager.swift; sourceTree = "<group>"; };
		D01067E12213BB5E0047E090 /* NoteProtocol.swift */ = {isa = PBXFileReference; fileEncoding = 4; lastKnownFileType = sourcecode.swift; path = NoteProtocol.swift; sourceTree = "<group>"; };
		D01067E32213BDF20047E090 /* AppDelegate.swift */ = {isa = PBXFileReference; lastKnownFileType = sourcecode.swift; path = AppDelegate.swift; sourceTree = "<group>"; };
		D01067E52213C17D0047E090 /* NotesTableViewController.swift */ = {isa = PBXFileReference; lastKnownFileType = sourcecode.swift; path = NotesTableViewController.swift; sourceTree = "<group>"; };
		D017D4231D3B03BE00B21443 /* WebKit.framework */ = {isa = PBXFileReference; lastKnownFileType = wrapper.framework; name = WebKit.framework; path = System/Library/Frameworks/WebKit.framework; sourceTree = SDKROOT; };
		D018034923B037B1001CA4FC /* CategoriesSceneDelegate.swift */ = {isa = PBXFileReference; lastKnownFileType = sourcecode.swift; path = CategoriesSceneDelegate.swift; sourceTree = "<group>"; };
		D02256C61891FD7C0038232A /* defaults.plist */ = {isa = PBXFileReference; lastKnownFileType = text.plist; path = defaults.plist; sourceTree = "<group>"; };
		D0225708189745C40038232A /* Settings.bundle */ = {isa = PBXFileReference; lastKnownFileType = "wrapper.plug-in"; path = Settings.bundle; sourceTree = "<group>"; };
		D0225710189848060038232A /* libc++.dylib */ = {isa = PBXFileReference; lastKnownFileType = "compiled.mach-o.dylib"; name = "libc++.dylib"; path = "usr/lib/libc++.dylib"; sourceTree = SDKROOT; };
		D0225712189848120038232A /* libz.dylib */ = {isa = PBXFileReference; lastKnownFileType = "compiled.mach-o.dylib"; name = libz.dylib; path = usr/lib/libz.dylib; sourceTree = SDKROOT; };
		D03493B622F2837500E1A9B0 /* NoteTableViewCell.swift */ = {isa = PBXFileReference; lastKnownFileType = sourcecode.swift; path = NoteTableViewCell.swift; sourceTree = "<group>"; };
		D03493B822F3CC5700E1A9B0 /* CategoryTableViewController.swift */ = {isa = PBXFileReference; lastKnownFileType = sourcecode.swift; path = CategoryTableViewController.swift; sourceTree = "<group>"; };
		D03E93DC2734BEF30066BC8F /* ko */ = {isa = PBXFileReference; lastKnownFileType = text.plist.strings; name = ko; path = ko.lproj/Main_iPhone.strings; sourceTree = "<group>"; };
		D03E93DD2734BEF30066BC8F /* ko */ = {isa = PBXFileReference; lastKnownFileType = text.plist.strings; name = ko; path = ko.lproj/Settings.strings; sourceTree = "<group>"; };
		D03E93DE2734BEF30066BC8F /* ko */ = {isa = PBXFileReference; lastKnownFileType = text.plist.strings; name = ko; path = ko.lproj/Categories.strings; sourceTree = "<group>"; };
		D03E93DF2734BEF30066BC8F /* ko */ = {isa = PBXFileReference; lastKnownFileType = text.plist.strings; name = ko; path = ko.lproj/MainInterface.strings; sourceTree = "<group>"; };
		D03E93E12734BF060066BC8F /* ko */ = {isa = PBXFileReference; lastKnownFileType = text.plist.strings; name = ko; path = ko.lproj/InfoPlist.strings; sourceTree = "<group>"; };
		D05110B920C8C9FE00AFFDC7 /* KSCrash.framework */ = {isa = PBXFileReference; lastKnownFileType = wrapper.framework; name = KSCrash.framework; path = Carthage/Build/iOS/KSCrash.framework; sourceTree = "<group>"; };
		D0545F22230901D30001D165 /* PBHOpenInActivity.swift */ = {isa = PBXFileReference; lastKnownFileType = sourcecode.swift; path = PBHOpenInActivity.swift; sourceTree = "<group>"; };
		D059745A18CE9E5A00867B02 /* libsqlite3.0.dylib */ = {isa = PBXFileReference; lastKnownFileType = "compiled.mach-o.dylib"; name = libsqlite3.0.dylib; path = usr/lib/libsqlite3.0.dylib; sourceTree = SDKROOT; };
		D059F7DA1D40596D00C252F2 /* NoteExporter.swift */ = {isa = PBXFileReference; fileEncoding = 4; lastKnownFileType = sourcecode.swift; path = NoteExporter.swift; sourceTree = "<group>"; };
		D065572D2486E4CE001D61E6 /* de */ = {isa = PBXFileReference; lastKnownFileType = text.plist.strings; name = de; path = de.lproj/MainInterface.strings; sourceTree = "<group>"; };
		D06882EB22BACDA300CEBC1F /* SettingsTableViewController.swift */ = {isa = PBXFileReference; lastKnownFileType = sourcecode.swift; path = SettingsTableViewController.swift; sourceTree = "<group>"; };
		D06882ED22BB146200CEBC1F /* EditorViewController.swift */ = {isa = PBXFileReference; lastKnownFileType = sourcecode.swift; path = EditorViewController.swift; sourceTree = "<group>"; };
		D075B1BB2906DDBF0085D64E /* ServerStatus.swift */ = {isa = PBXFileReference; lastKnownFileType = sourcecode.swift; path = ServerStatus.swift; sourceTree = "<group>"; };
		D075B1BD29074E6B0085D64E /* CertificateViewController.swift */ = {isa = PBXFileReference; lastKnownFileType = sourcecode.swift; path = CertificateViewController.swift; sourceTree = "<group>"; };
		D076F73A26BCBEBB0093F22A /* cs */ = {isa = PBXFileReference; lastKnownFileType = text.plist.strings; name = cs; path = cs.lproj/Main_iPhone.strings; sourceTree = "<group>"; };
		D076F73B26BCBEBB0093F22A /* cs */ = {isa = PBXFileReference; lastKnownFileType = text.plist.strings; name = cs; path = cs.lproj/Settings.strings; sourceTree = "<group>"; };
		D076F73C26BCBEBB0093F22A /* cs */ = {isa = PBXFileReference; lastKnownFileType = text.plist.strings; name = cs; path = cs.lproj/Categories.strings; sourceTree = "<group>"; };
		D076F73E26BCBEC00093F22A /* cs */ = {isa = PBXFileReference; lastKnownFileType = text.plist.strings; name = cs; path = cs.lproj/InfoPlist.strings; sourceTree = "<group>"; };
		D076F74026BCBEC00093F22A /* cs */ = {isa = PBXFileReference; lastKnownFileType = text.plist.strings; name = cs; path = cs.lproj/MainInterface.strings; sourceTree = "<group>"; };
		D076F74226BCBEC00093F22A /* cs */ = {isa = PBXFileReference; lastKnownFileType = text.plist.strings; name = cs; path = cs.lproj/InfoPlist.strings; sourceTree = "<group>"; };
		D076F74526BCBEC10093F22A /* cs */ = {isa = PBXFileReference; lastKnownFileType = text.plist.xml; name = cs; path = cs.lproj/Info.plist; sourceTree = "<group>"; };
		D078A1C3239C8A2000E1A004 /* CoreServices.framework */ = {isa = PBXFileReference; lastKnownFileType = wrapper.framework; name = CoreServices.framework; path = Platforms/MacOSX.platform/Developer/SDKs/MacOSX10.15.sdk/System/Library/Frameworks/CoreServices.framework; sourceTree = DEVELOPER_DIR; };
		D07F5E8A2207B61500528E90 /* Alamofire.framework */ = {isa = PBXFileReference; lastKnownFileType = wrapper.framework; name = Alamofire.framework; path = Carthage/Build/iOS/Alamofire.framework; sourceTree = "<group>"; };
		D07F5E8D2207B6FF00528E90 /* NoteRouter.swift */ = {isa = PBXFileReference; lastKnownFileType = sourcecode.swift; path = NoteRouter.swift; sourceTree = "<group>"; };
		D07F5E8F2207B81F00528E90 /* KeychainAccess.framework */ = {isa = PBXFileReference; lastKnownFileType = wrapper.framework; name = KeychainAccess.framework; path = Carthage/Build/iOS/KeychainAccess.framework; sourceTree = "<group>"; };
		D08713EC1D18DA40001EAF82 /* HeaderTextView.swift */ = {isa = PBXFileReference; fileEncoding = 4; lastKnownFileType = sourcecode.swift; path = HeaderTextView.swift; sourceTree = "<group>"; };
		D09538421D32A56A006BB78E /* PreviewViewController.swift */ = {isa = PBXFileReference; fileEncoding = 4; lastKnownFileType = sourcecode.swift; path = PreviewViewController.swift; sourceTree = "<group>"; };
		D09E430D1E2C46930010E4B3 /* Base */ = {isa = PBXFileReference; lastKnownFileType = file.storyboard; name = Base; path = Base.lproj/Main_iPhone.storyboard; sourceTree = "<group>"; };
		D09E430F1E2C469C0010E4B3 /* en */ = {isa = PBXFileReference; lastKnownFileType = text.plist.strings; name = en; path = en.lproj/Main_iPhone.strings; sourceTree = "<group>"; };
		D09E43101E2C469F0010E4B3 /* fr */ = {isa = PBXFileReference; lastKnownFileType = text.plist.strings; name = fr; path = fr.lproj/Main_iPhone.strings; sourceTree = "<group>"; };
		D09E43111E2C46A20010E4B3 /* de */ = {isa = PBXFileReference; lastKnownFileType = text.plist.strings; name = de; path = de.lproj/Main_iPhone.strings; sourceTree = "<group>"; };
		D09E644E248ABAEB003FB4C9 /* Throttler.swift */ = {isa = PBXFileReference; lastKnownFileType = sourcecode.swift; path = Throttler.swift; sourceTree = "<group>"; };
		D09E6450248B3A7C003FB4C9 /* OCSProtocol.swift */ = {isa = PBXFileReference; lastKnownFileType = sourcecode.swift; path = OCSProtocol.swift; sourceTree = "<group>"; };
		D0AB0E782470B74D00D3E6B6 /* ActionExtension.appex */ = {isa = PBXFileReference; explicitFileType = "wrapper.app-extension"; includeInIndex = 0; path = ActionExtension.appex; sourceTree = BUILT_PRODUCTS_DIR; };
		D0AB0E7A2470B74D00D3E6B6 /* Media.xcassets */ = {isa = PBXFileReference; lastKnownFileType = folder.assetcatalog; path = Media.xcassets; sourceTree = "<group>"; };
		D0AB0E7C2470B74D00D3E6B6 /* ActionViewController.swift */ = {isa = PBXFileReference; lastKnownFileType = sourcecode.swift; path = ActionViewController.swift; sourceTree = "<group>"; };
		D0AB0E7F2470B74D00D3E6B6 /* Base */ = {isa = PBXFileReference; lastKnownFileType = file.storyboard; name = Base; path = Base.lproj/MainInterface.storyboard; sourceTree = "<group>"; };
		D0B0F39F2734C11200E51C3F /* cs */ = {isa = PBXFileReference; lastKnownFileType = text.plist.strings; name = cs; path = cs.lproj/Localizable.strings; sourceTree = "<group>"; };
		D0B0F3A02734C11700E51C3F /* ko */ = {isa = PBXFileReference; lastKnownFileType = text.plist.strings; name = ko; path = ko.lproj/Localizable.strings; sourceTree = "<group>"; };
		D0B0F3A12734C11F00E51C3F /* ko */ = {isa = PBXFileReference; lastKnownFileType = text.plist.strings; name = ko; path = ko.lproj/InfoPlist.strings; sourceTree = "<group>"; };
		D0B0F3A22734C1D500E51C3F /* ko */ = {isa = PBXFileReference; lastKnownFileType = text.plist.xml; name = ko; path = ko.lproj/Info.plist; sourceTree = "<group>"; };
		D0B0F3A327360BD000E51C3F /* NotesFRCManager.swift */ = {isa = PBXFileReference; lastKnownFileType = sourcecode.swift; path = NotesFRCManager.swift; sourceTree = "<group>"; };
		D0B6D4AC22F91DDA0037E073 /* CollapsibleTableViewHeaderView.swift */ = {isa = PBXFileReference; lastKnownFileType = sourcecode.swift; path = CollapsibleTableViewHeaderView.swift; sourceTree = "<group>"; };
		D0B6D4AD22F91DDA0037E073 /* CollapsibleTableViewHeaderView.xib */ = {isa = PBXFileReference; lastKnownFileType = file.xib; path = CollapsibleTableViewHeaderView.xib; sourceTree = "<group>"; };
		D0B83F2F24771F7700A394C1 /* Base */ = {isa = PBXFileReference; lastKnownFileType = text.plist.xml; name = Base; path = Base.lproj/Info.plist; sourceTree = "<group>"; };
		D0B83F3124771F8100A394C1 /* en */ = {isa = PBXFileReference; lastKnownFileType = text.plist.xml; name = en; path = en.lproj/Info.plist; sourceTree = "<group>"; };
		D0B83F3224771F8500A394C1 /* fr */ = {isa = PBXFileReference; lastKnownFileType = text.plist.xml; name = fr; path = fr.lproj/Info.plist; sourceTree = "<group>"; };
		D0B83F3324771F8600A394C1 /* de */ = {isa = PBXFileReference; lastKnownFileType = text.plist.xml; name = de; path = de.lproj/Info.plist; sourceTree = "<group>"; };
		D0BCFE622454BF0B007C4CA3 /* Base */ = {isa = PBXFileReference; lastKnownFileType = file.storyboard; name = Base; path = Base.lproj/Settings.storyboard; sourceTree = "<group>"; };
		D0BCFE652454BF15007C4CA3 /* en */ = {isa = PBXFileReference; lastKnownFileType = text.plist.strings; name = en; path = en.lproj/Settings.strings; sourceTree = "<group>"; };
		D0BCFE672454BF17007C4CA3 /* de */ = {isa = PBXFileReference; lastKnownFileType = text.plist.strings; name = de; path = de.lproj/Settings.strings; sourceTree = "<group>"; };
		D0BCFE692454BF1A007C4CA3 /* fr */ = {isa = PBXFileReference; lastKnownFileType = text.plist.strings; name = fr; path = fr.lproj/Settings.strings; sourceTree = "<group>"; };
		D0BCFE6B2454BF40007C4CA3 /* Base */ = {isa = PBXFileReference; lastKnownFileType = file.storyboard; name = Base; path = Base.lproj/Categories.storyboard; sourceTree = "<group>"; };
		D0BCFE6E2454BF46007C4CA3 /* en */ = {isa = PBXFileReference; lastKnownFileType = text.plist.strings; name = en; path = en.lproj/Categories.strings; sourceTree = "<group>"; };
		D0BCFE702454BF46007C4CA3 /* fr */ = {isa = PBXFileReference; lastKnownFileType = text.plist.strings; name = fr; path = fr.lproj/Categories.strings; sourceTree = "<group>"; };
		D0BCFE722454BF47007C4CA3 /* de */ = {isa = PBXFileReference; lastKnownFileType = text.plist.strings; name = de; path = de.lproj/Categories.strings; sourceTree = "<group>"; };
		D0C1C39E2462448D00AAC4A8 /* SyncOperation.swift */ = {isa = PBXFileReference; lastKnownFileType = sourcecode.swift; path = SyncOperation.swift; sourceTree = "<group>"; };
		D0CCF2AA1F77395E00535D54 /* MobileCoreServices.framework */ = {isa = PBXFileReference; lastKnownFileType = wrapper.framework; name = MobileCoreServices.framework; path = System/Library/Frameworks/MobileCoreServices.framework; sourceTree = SDKROOT; };
		D0CFE5331888A7BD00165839 /* Nextcloud Notes.app */ = {isa = PBXFileReference; explicitFileType = wrapper.application; includeInIndex = 0; path = "Nextcloud Notes.app"; sourceTree = BUILT_PRODUCTS_DIR; };
		D0CFE5361888A7BD00165839 /* Foundation.framework */ = {isa = PBXFileReference; lastKnownFileType = wrapper.framework; name = Foundation.framework; path = System/Library/Frameworks/Foundation.framework; sourceTree = SDKROOT; };
		D0CFE5381888A7BD00165839 /* CoreGraphics.framework */ = {isa = PBXFileReference; lastKnownFileType = wrapper.framework; name = CoreGraphics.framework; path = System/Library/Frameworks/CoreGraphics.framework; sourceTree = SDKROOT; };
		D0CFE53A1888A7BD00165839 /* UIKit.framework */ = {isa = PBXFileReference; lastKnownFileType = wrapper.framework; name = UIKit.framework; path = System/Library/Frameworks/UIKit.framework; sourceTree = SDKROOT; };
		D0CFE5401888A7BD00165839 /* en */ = {isa = PBXFileReference; lastKnownFileType = text.plist.strings; name = en; path = en.lproj/InfoPlist.strings; sourceTree = "<group>"; };
		D0CFE5581888A7BD00165839 /* XCTest.framework */ = {isa = PBXFileReference; lastKnownFileType = wrapper.framework; name = XCTest.framework; path = Library/Frameworks/XCTest.framework; sourceTree = DEVELOPER_DIR; };
		D0CFE5601888A7BD00165839 /* iOCNotesTests-Info.plist */ = {isa = PBXFileReference; lastKnownFileType = text.plist.xml; path = "iOCNotesTests-Info.plist"; sourceTree = "<group>"; };
		D0CFE5621888A7BD00165839 /* en */ = {isa = PBXFileReference; lastKnownFileType = text.plist.strings; name = en; path = en.lproj/InfoPlist.strings; sourceTree = "<group>"; };
		D0CFE5AC1890659600165839 /* QuartzCore.framework */ = {isa = PBXFileReference; lastKnownFileType = wrapper.framework; name = QuartzCore.framework; path = System/Library/Frameworks/QuartzCore.framework; sourceTree = SDKROOT; };
		D0E60F142772D809009CF78F /* SettingsProtocol.swift */ = {isa = PBXFileReference; lastKnownFileType = sourcecode.swift; path = SettingsProtocol.swift; sourceTree = "<group>"; };
		D0E60F1727741633009CF78F /* FileExtensionTableViewController.swift */ = {isa = PBXFileReference; lastKnownFileType = sourcecode.swift; path = FileExtensionTableViewController.swift; sourceTree = "<group>"; };
		D0E60F1927756608009CF78F /* LoginViewController.swift */ = {isa = PBXFileReference; lastKnownFileType = sourcecode.swift; path = LoginViewController.swift; sourceTree = "<group>"; };
		D0E60F1E2777A5DA009CF78F /* libcmark-gfm.tbd */ = {isa = PBXFileReference; lastKnownFileType = "sourcecode.text-based-dylib-definition"; name = "libcmark-gfm.tbd"; path = "usr/lib/libcmark-gfm.tbd"; sourceTree = SDKROOT; };
		D0E60F1F2777A5DA009CF78F /* libcmark-gfm-extensions.tbd */ = {isa = PBXFileReference; lastKnownFileType = "sourcecode.text-based-dylib-definition"; name = "libcmark-gfm-extensions.tbd"; path = "usr/lib/libcmark-gfm-extensions.tbd"; sourceTree = SDKROOT; };
		D0E60F27277801F8009CF78F /* PreviewWebView.swift */ = {isa = PBXFileReference; lastKnownFileType = sourcecode.swift; path = PreviewWebView.swift; sourceTree = "<group>"; };
		D0E60F37277FADD5009CF78F /* Storage.swift */ = {isa = PBXFileReference; fileEncoding = 4; lastKnownFileType = sourcecode.swift; path = Storage.swift; sourceTree = "<group>"; };
		D0E60F39277FADD5009CF78F /* Style.swift */ = {isa = PBXFileReference; fileEncoding = 4; lastKnownFileType = sourcecode.swift; path = Style.swift; sourceTree = "<group>"; };
		D0E60F3A277FADD5009CF78F /* UniversalTypes.swift */ = {isa = PBXFileReference; fileEncoding = 4; lastKnownFileType = sourcecode.swift; path = UniversalTypes.swift; sourceTree = "<group>"; };
		D0E60F3C277FADD5009CF78F /* AttributedStringKey.swift */ = {isa = PBXFileReference; fileEncoding = 4; lastKnownFileType = sourcecode.swift; path = AttributedStringKey.swift; sourceTree = "<group>"; };
		D0E60F3E277FADD5009CF78F /* Theme.swift */ = {isa = PBXFileReference; fileEncoding = 4; lastKnownFileType = sourcecode.swift; path = Theme.swift; sourceTree = "<group>"; };
		D0E60F3F277FADD5009CF78F /* Element.swift */ = {isa = PBXFileReference; fileEncoding = 4; lastKnownFileType = sourcecode.swift; path = Element.swift; sourceTree = "<group>"; };
		D0E60F44277FADD5009CF78F /* LayoutManager.swift */ = {isa = PBXFileReference; fileEncoding = 4; lastKnownFileType = sourcecode.swift; path = LayoutManager.swift; sourceTree = "<group>"; };
		D0E60F52277FADD5009CF78F /* CheckBoxTapHandler.swift */ = {isa = PBXFileReference; fileEncoding = 4; lastKnownFileType = sourcecode.swift; path = CheckBoxTapHandler.swift; sourceTree = "<group>"; };
		D0E60F55277FADD5009CF78F /* Extensions.swift */ = {isa = PBXFileReference; fileEncoding = 4; lastKnownFileType = sourcecode.swift; path = Extensions.swift; sourceTree = "<group>"; };
		D0E60F75277FB0A5009CF78F /* Themes.bundle */ = {isa = PBXFileReference; lastKnownFileType = "wrapper.plug-in"; path = Themes.bundle; sourceTree = "<group>"; };
		F32A39442C99A40D008EE8DC /* iOCNotes.entitlements */ = {isa = PBXFileReference; lastKnownFileType = text.plist.entitlements; path = iOCNotes.entitlements; sourceTree = "<group>"; };
		F32A39452C99A40D008EE8DC /* iOCNotes.plist */ = {isa = PBXFileReference; lastKnownFileType = text.plist.xml; path = iOCNotes.plist; sourceTree = "<group>"; };
		F389ABFE2C9C40210056C059 /* Custom.xcassets */ = {isa = PBXFileReference; lastKnownFileType = folder.assetcatalog; path = Custom.xcassets; sourceTree = "<group>"; };
		F3E3C8D82C6B7C2200A80504 /* NCBrand.swift */ = {isa = PBXFileReference; fileEncoding = 4; lastKnownFileType = sourcecode.swift; path = NCBrand.swift; sourceTree = "<group>"; };
		F3E3C8DB2C6B7DA600A80504 /* UIColor+Extension.swift */ = {isa = PBXFileReference; fileEncoding = 4; lastKnownFileType = sourcecode.swift; path = "UIColor+Extension.swift"; sourceTree = "<group>"; };
		F3F734472C6FA550007C8C0B /* CDNote+CoreDataClass.swift */ = {isa = PBXFileReference; fileEncoding = 4; lastKnownFileType = sourcecode.swift; path = "CDNote+CoreDataClass.swift"; sourceTree = "<group>"; };
		F3F734482C6FA550007C8C0B /* CDNote+CoreDataProperties.swift */ = {isa = PBXFileReference; fileEncoding = 4; lastKnownFileType = sourcecode.swift; path = "CDNote+CoreDataProperties.swift"; sourceTree = "<group>"; };
		F3F7344B2C6FA550007C8C0B /* NotesData.swift */ = {isa = PBXFileReference; fileEncoding = 4; lastKnownFileType = sourcecode.swift; path = NotesData.swift; sourceTree = "<group>"; };
		F3F7344D2C6FA550007C8C0B /* Notes.xcdatamodel */ = {isa = PBXFileReference; lastKnownFileType = wrapper.xcdatamodel; path = Notes.xcdatamodel; sourceTree = "<group>"; };
		F3F734572C6FAC17007C8C0B /* Theming.swift */ = {isa = PBXFileReference; lastKnownFileType = sourcecode.swift; path = Theming.swift; sourceTree = "<group>"; };
		F3F7345A2C6FAD80007C8C0B /* BaseUIVIewController.swift */ = {isa = PBXFileReference; lastKnownFileType = sourcecode.swift; path = BaseUIVIewController.swift; sourceTree = "<group>"; };
		F770842429C45BD000367DBD /* NCService.swift */ = {isa = PBXFileReference; lastKnownFileType = sourcecode.swift; path = NCService.swift; sourceTree = "<group>"; };
		F770842629C462C700367DBD /* NCNetworking.swift */ = {isa = PBXFileReference; lastKnownFileType = sourcecode.swift; path = NCNetworking.swift; sourceTree = "<group>"; };
		F77B57022993E32100A23E76 /* NCShareAccounts.storyboard */ = {isa = PBXFileReference; fileEncoding = 4; lastKnownFileType = file.storyboard; path = NCShareAccounts.storyboard; sourceTree = "<group>"; };
		F77B57032993E32100A23E76 /* NCShareAccounts.swift */ = {isa = PBXFileReference; fileEncoding = 4; lastKnownFileType = sourcecode.swift; path = NCShareAccounts.swift; sourceTree = "<group>"; };
		F77B57072993E39500A23E76 /* NCPopupViewController.swift */ = {isa = PBXFileReference; fileEncoding = 4; lastKnownFileType = sourcecode.swift; path = NCPopupViewController.swift; sourceTree = "<group>"; };
		F7BB8B7129915A650010D2F7 /* Launch Screen.storyboard */ = {isa = PBXFileReference; fileEncoding = 4; lastKnownFileType = file.storyboard; path = "Launch Screen.storyboard"; sourceTree = "<group>"; };
		F7F08128299D0B53006A2041 /* NCViewerNextcloudText.storyboard */ = {isa = PBXFileReference; fileEncoding = 4; lastKnownFileType = file.storyboard; path = NCViewerNextcloudText.storyboard; sourceTree = "<group>"; };
		F7F08129299D0B53006A2041 /* NCViewerNextcloudText.swift */ = {isa = PBXFileReference; fileEncoding = 4; lastKnownFileType = sourcecode.swift; path = NCViewerNextcloudText.swift; sourceTree = "<group>"; };
/* End PBXFileReference section */

/* Begin PBXFileSystemSynchronizedRootGroup section */
		AA4C16BF2D8332C1006AFE8C /* iOCNotes */ = {isa = PBXFileSystemSynchronizedRootGroup; explicitFileTypes = {}; explicitFolders = (); path = iOCNotes; sourceTree = "<group>"; };
		AA592A6F2DBBBB04003A3057 /* .github */ = {isa = PBXFileSystemSynchronizedRootGroup; explicitFileTypes = {}; explicitFolders = (); path = .github; sourceTree = "<group>"; };
		AA62DF642D5DFC48009E8894 /* .tx */ = {isa = PBXFileSystemSynchronizedRootGroup; explicitFileTypes = {}; explicitFolders = (); path = .tx; sourceTree = "<group>"; };
/* End PBXFileSystemSynchronizedRootGroup section */

/* Begin PBXFrameworksBuildPhase section */
		D0AB0E752470B74D00D3E6B6 /* Frameworks */ = {
			isa = PBXFrameworksBuildPhase;
			buildActionMask = 2147483647;
			files = (
			);
			runOnlyForDeploymentPostprocessing = 0;
		};
		D0CFE5301888A7BD00165839 /* Frameworks */ = {
			isa = PBXFrameworksBuildPhase;
			buildActionMask = 2147483647;
			files = (
				D0C876DF248F18700052EA63 /* Version in Frameworks */,
				D0595C7C238632610004C4E8 /* KeychainAccess in Frameworks */,
				D02D15CC2905D756006ADCBB /* OpenSSL in Frameworks */,
				D06CDA60238F6EC300CF90B0 /* Alamofire in Frameworks */,
				D0E60F242777DD38009CF78F /* cmark_gfm_swift in Frameworks */,
				F77B56FF2993DE6300A23E76 /* NextcloudKit in Frameworks */,
				D017D4241D3B03BE00B21443 /* WebKit.framework in Frameworks */,
				D0CFE5AD1890659600165839 /* QuartzCore.framework in Frameworks */,
				F75D7B1229C8687C00ABD392 /* JGProgressHUD in Frameworks */,
				D0CAFF162533E89900C47FA0 /* PKHUD in Frameworks */,
				D0CFE53B1888A7BD00165839 /* UIKit.framework in Frameworks */,
				D0CFE5371888A7BD00165839 /* Foundation.framework in Frameworks */,
				D0CAFF092533E7FB00C47FA0 /* SwiftMessages in Frameworks */,
				D078A1C4239C8A2000E1A004 /* CoreServices.framework in Frameworks */,
			);
			runOnlyForDeploymentPostprocessing = 0;
		};
/* End PBXFrameworksBuildPhase section */

/* Begin PBXGroup section */
		D01067DC220BCAD60047E090 /* Models */ = {
			isa = PBXGroup;
			children = (
				D01067E12213BB5E0047E090 /* NoteProtocol.swift */,
				D0E60F142772D809009CF78F /* SettingsProtocol.swift */,
				D09E6450248B3A7C003FB4C9 /* OCSProtocol.swift */,
			);
			path = Models;
			sourceTree = "<group>";
		};
		D07F5E8C2207B6D700528E90 /* Networking */ = {
			isa = PBXGroup;
			children = (
				D07F5E8D2207B6FF00528E90 /* NoteRouter.swift */,
				D01067DD220BCE3C0047E090 /* NoteSessionManager.swift */,
				D0C1C39E2462448D00AAC4A8 /* SyncOperation.swift */,
				D075B1BB2906DDBF0085D64E /* ServerStatus.swift */,
			);
			path = Networking;
			sourceTree = "<group>";
		};
		D084FB6C245A5FDC003EB6FB /* Shared */ = {
			isa = PBXGroup;
			children = (
				BD86DD8422B9CDD500115E5D /* KeychainHelper.swift */,
				BD92271A22CD3743004E2408 /* UtilityExtensions.swift */,
				BD653F87231C43FA00D59A88 /* Constants.swift */,
				D09E644E248ABAEB003FB4C9 /* Throttler.swift */,
			);
			path = Shared;
			sourceTree = "<group>";
		};
		D0AB0E792470B74D00D3E6B6 /* ActionExtension */ = {
			isa = PBXGroup;
			children = (
				D0AB0E7A2470B74D00D3E6B6 /* Media.xcassets */,
				D0AB0E7C2470B74D00D3E6B6 /* ActionViewController.swift */,
				D0AB0E7E2470B74D00D3E6B6 /* MainInterface.storyboard */,
				D0B83F3024771F7700A394C1 /* Info.plist */,
			);
			path = ActionExtension;
			sourceTree = "<group>";
		};
		D0CFE52A1888A7BD00165839 = {
			isa = PBXGroup;
			children = (
				AA360F442D71E6EF00BDC831 /* iOCNotes.xcconfig */,
				AA592A6F2DBBBB04003A3057 /* .github */,
				AA592A6E2DBBBA3B003A3057 /* .swiftlint.yml */,
				AA62DF642D5DFC48009E8894 /* .tx */,
				AABD0BF82D5E08B500F009E6 /* README.md */,
				F3E3C8D72C6B7BF800A80504 /* Brand */,
				AA4C16BF2D8332C1006AFE8C /* iOCNotes */,
				F77B57002993E32100A23E76 /* Nextcloud */,
				D0CFE53C1888A7BD00165839 /* Source */,
				D084FB6C245A5FDC003EB6FB /* Shared */,
				D01067DC220BCAD60047E090 /* Models */,
				D07F5E8C2207B6D700528E90 /* Networking */,
				D0E60F35277FADA0009CF78F /* Editor */,
				F3E3C8DA2C6B7D3B00A80504 /* Extensions */,
				D0CFE55E1888A7BD00165839 /* iOCNotesTests */,
				D0AB0E792470B74D00D3E6B6 /* ActionExtension */,
				D0CFE5351888A7BD00165839 /* Frameworks */,
				D0CFE5341888A7BD00165839 /* Products */,
			);
			sourceTree = "<group>";
		};
		D0CFE5341888A7BD00165839 /* Products */ = {
			isa = PBXGroup;
			children = (
				D0CFE5331888A7BD00165839 /* Nextcloud Notes.app */,
				D0AB0E782470B74D00D3E6B6 /* ActionExtension.appex */,
			);
			name = Products;
			sourceTree = "<group>";
		};
		D0CFE5351888A7BD00165839 /* Frameworks */ = {
			isa = PBXGroup;
			children = (
				D0E60F1F2777A5DA009CF78F /* libcmark-gfm-extensions.tbd */,
				D0E60F1E2777A5DA009CF78F /* libcmark-gfm.tbd */,
				BDC5FF8A23EB996200E0EB17 /* Notepad.framework */,
				D078A1C3239C8A2000E1A004 /* CoreServices.framework */,
				D004DB652391EBA70080A7D1 /* SwiftMessages.framework */,
				BD92272622D7874E004E2408 /* Notepad.framework */,
				BD92271E22CF4EBD004E2408 /* SwiftMessages.framework */,
				BD92271622C92EBB004E2408 /* PKHUD.framework */,
				D07F5E8F2207B81F00528E90 /* KeychainAccess.framework */,
				D07F5E8A2207B61500528E90 /* Alamofire.framework */,
				D05110B920C8C9FE00AFFDC7 /* KSCrash.framework */,
				D0CCF2AA1F77395E00535D54 /* MobileCoreServices.framework */,
				D017D4231D3B03BE00B21443 /* WebKit.framework */,
				D059745A18CE9E5A00867B02 /* libsqlite3.0.dylib */,
				D0225712189848120038232A /* libz.dylib */,
				D0225710189848060038232A /* libc++.dylib */,
				D0CFE5AC1890659600165839 /* QuartzCore.framework */,
				D0CFE5361888A7BD00165839 /* Foundation.framework */,
				D0CFE5381888A7BD00165839 /* CoreGraphics.framework */,
				D0CFE53A1888A7BD00165839 /* UIKit.framework */,
				D0CFE5581888A7BD00165839 /* XCTest.framework */,
			);
			name = Frameworks;
			sourceTree = "<group>";
		};
		D0CFE53C1888A7BD00165839 /* Source */ = {
			isa = PBXGroup;
			children = (
				F3F734562C6FABF4007C8C0B /* Theming */,
				F3F734552C6FABEA007C8C0B /* Screens */,
				D01067E32213BDF20047E090 /* AppDelegate.swift */,
				D0BCFE6C2454BF40007C4CA3 /* Categories.storyboard */,
				D018034923B037B1001CA4FC /* CategoriesSceneDelegate.swift */,
				D03493B822F3CC5700E1A9B0 /* CategoryTableViewController.swift */,
				D075B1BD29074E6B0085D64E /* CertificateViewController.swift */,
				D0B6D4AC22F91DDA0037E073 /* CollapsibleTableViewHeaderView.swift */,
				D0B6D4AD22F91DDA0037E073 /* CollapsibleTableViewHeaderView.xib */,
				BDD015A0234CEF86000BA001 /* Colors.xcassets */,
				D06882ED22BB146200CEBC1F /* EditorViewController.swift */,
				D0E60F1727741633009CF78F /* FileExtensionTableViewController.swift */,
				D0E60F1927756608009CF78F /* LoginViewController.swift */,
				D09E430E1E2C46930010E4B3 /* Main_iPhone.storyboard */,
				D0545F22230901D30001D165 /* PBHOpenInActivity.swift */,
				BDD015A22353F7D4000BA001 /* PBHSplitViewController.swift */,
				D004DB7623920E820080A7D1 /* Preview.bundle */,
				D09538421D32A56A006BB78E /* PreviewViewController.swift */,
				D0E60F27277801F8009CF78F /* PreviewWebView.swift */,
				D004DB7E23948F3D0080A7D1 /* SceneDelegate.swift */,
				D0225708189745C40038232A /* Settings.bundle */,
				F3F7344C2C6FA550007C8C0B /* CoreData */,
				D0CFE53D1888A7BD00165839 /* Supporting Files */,
			);
			path = Source;
			sourceTree = "<group>";
		};
		D0CFE53D1888A7BD00165839 /* Supporting Files */ = {
			isa = PBXGroup;
			children = (
				D00CDFC1194E65B4007505E9 /* Localizable.strings */,
				D0CFE53F1888A7BD00165839 /* InfoPlist.strings */,
				D02256C61891FD7C0038232A /* defaults.plist */,
			);
			name = "Supporting Files";
			sourceTree = "<group>";
		};
		D0CFE55E1888A7BD00165839 /* iOCNotesTests */ = {
			isa = PBXGroup;
			children = (
				BDDD77A8235CDF130053DAEC /* NotesTests.swift */,
				D0CFE55F1888A7BD00165839 /* Supporting Files */,
			);
			path = iOCNotesTests;
			sourceTree = "<group>";
		};
		D0CFE55F1888A7BD00165839 /* Supporting Files */ = {
			isa = PBXGroup;
			children = (
				D0CFE5601888A7BD00165839 /* iOCNotesTests-Info.plist */,
				D0CFE5611888A7BD00165839 /* InfoPlist.strings */,
			);
			name = "Supporting Files";
			sourceTree = "<group>";
		};
		D0E60F35277FADA0009CF78F /* Editor */ = {
			isa = PBXGroup;
			children = (
				D0E60F3C277FADD5009CF78F /* AttributedStringKey.swift */,
				D0E60F52277FADD5009CF78F /* CheckBoxTapHandler.swift */,
				D0E60F3F277FADD5009CF78F /* Element.swift */,
				D0E60F55277FADD5009CF78F /* Extensions.swift */,
				D08713EC1D18DA40001EAF82 /* HeaderTextView.swift */,
				D0E60F44277FADD5009CF78F /* LayoutManager.swift */,
				D0E60F37277FADD5009CF78F /* Storage.swift */,
				D0E60F39277FADD5009CF78F /* Style.swift */,
				D0E60F3E277FADD5009CF78F /* Theme.swift */,
				D0E60F3A277FADD5009CF78F /* UniversalTypes.swift */,
				D0E60F75277FB0A5009CF78F /* Themes.bundle */,
			);
			path = Editor;
			sourceTree = "<group>";
		};
		F313E2362C959B800065F109 /* Settings */ = {
			isa = PBXGroup;
			children = (
				D0BCFE632454BF0B007C4CA3 /* Settings.storyboard */,
				D004DB82239759020080A7D1 /* SettingsSceneDelegate.swift */,
				D06882EB22BACDA300CEBC1F /* SettingsTableViewController.swift */,
			);
			path = Settings;
			sourceTree = "<group>";
		};
		F3E3C8D72C6B7BF800A80504 /* Brand */ = {
			isa = PBXGroup;
			children = (
				F32A39442C99A40D008EE8DC /* iOCNotes.entitlements */,
				F32A39452C99A40D008EE8DC /* iOCNotes.plist */,
				F7BB8B7129915A650010D2F7 /* Launch Screen.storyboard */,
				F3E3C8D82C6B7C2200A80504 /* NCBrand.swift */,
				F389ABFE2C9C40210056C059 /* Custom.xcassets */,
			);
			path = Brand;
			sourceTree = "<group>";
		};
		F3E3C8DA2C6B7D3B00A80504 /* Extensions */ = {
			isa = PBXGroup;
			children = (
				F3E3C8DB2C6B7DA600A80504 /* UIColor+Extension.swift */,
			);
			path = Extensions;
			sourceTree = "<group>";
		};
		F3F7344C2C6FA550007C8C0B /* CoreData */ = {
			isa = PBXGroup;
			children = (
				F3F734472C6FA550007C8C0B /* CDNote+CoreDataClass.swift */,
				F3F734482C6FA550007C8C0B /* CDNote+CoreDataProperties.swift */,
				F3F7344A2C6FA550007C8C0B /* Notes.xcdatamodeld */,
				F3F7344B2C6FA550007C8C0B /* NotesData.swift */,
			);
			path = CoreData;
			sourceTree = "<group>";
		};
		F3F734542C6FA75A007C8C0B /* Notes */ = {
			isa = PBXGroup;
			children = (
				D059F7DA1D40596D00C252F2 /* NoteExporter.swift */,
				D0B0F3A327360BD000E51C3F /* NotesFRCManager.swift */,
				D01067E52213C17D0047E090 /* NotesTableViewController.swift */,
				D03493B622F2837500E1A9B0 /* NoteTableViewCell.swift */,
			);
			path = Notes;
			sourceTree = "<group>";
		};
		F3F734552C6FABEA007C8C0B /* Screens */ = {
			isa = PBXGroup;
			children = (
				F313E2362C959B800065F109 /* Settings */,
				F3F734592C6FAD70007C8C0B /* Base */,
				F3F734542C6FA75A007C8C0B /* Notes */,
			);
			path = Screens;
			sourceTree = "<group>";
		};
		F3F734562C6FABF4007C8C0B /* Theming */ = {
			isa = PBXGroup;
			children = (
				F3F734572C6FAC17007C8C0B /* Theming.swift */,
			);
			path = Theming;
			sourceTree = "<group>";
		};
		F3F734592C6FAD70007C8C0B /* Base */ = {
			isa = PBXGroup;
			children = (
				F3F7345A2C6FAD80007C8C0B /* BaseUIVIewController.swift */,
			);
			path = Base;
			sourceTree = "<group>";
		};
		F770842329C45BB900367DBD /* Networking */ = {
			isa = PBXGroup;
			children = (
				F770842429C45BD000367DBD /* NCService.swift */,
				F770842629C462C700367DBD /* NCNetworking.swift */,
			);
			path = Networking;
			sourceTree = "<group>";
		};
		F77B57002993E32100A23E76 /* Nextcloud */ = {
			isa = PBXGroup;
			children = (
				F770842329C45BB900367DBD /* Networking */,
				F77B57012993E32100A23E76 /* Account Request */,
				F77B57062993E39500A23E76 /* Utility */,
				F7F08126299D0B53006A2041 /* Viewer */,
			);
			path = Nextcloud;
			sourceTree = "<group>";
		};
		F77B57012993E32100A23E76 /* Account Request */ = {
			isa = PBXGroup;
			children = (
				F77B57022993E32100A23E76 /* NCShareAccounts.storyboard */,
				F77B57032993E32100A23E76 /* NCShareAccounts.swift */,
			);
			path = "Account Request";
			sourceTree = "<group>";
		};
		F77B57062993E39500A23E76 /* Utility */ = {
			isa = PBXGroup;
			children = (
				F77B57072993E39500A23E76 /* NCPopupViewController.swift */,
			);
			path = Utility;
			sourceTree = "<group>";
		};
		F7F08126299D0B53006A2041 /* Viewer */ = {
			isa = PBXGroup;
			children = (
				F7F08127299D0B53006A2041 /* NCViewerNextcloudText */,
			);
			path = Viewer;
			sourceTree = "<group>";
		};
		F7F08127299D0B53006A2041 /* NCViewerNextcloudText */ = {
			isa = PBXGroup;
			children = (
				F7F08128299D0B53006A2041 /* NCViewerNextcloudText.storyboard */,
				F7F08129299D0B53006A2041 /* NCViewerNextcloudText.swift */,
			);
			path = NCViewerNextcloudText;
			sourceTree = "<group>";
		};
/* End PBXGroup section */

/* Begin PBXNativeTarget section */
		D0AB0E772470B74D00D3E6B6 /* ActionExtension */ = {
			isa = PBXNativeTarget;
			buildConfigurationList = D0AB0E852470B74D00D3E6B6 /* Build configuration list for PBXNativeTarget "ActionExtension" */;
			buildPhases = (
				D0AB0E742470B74D00D3E6B6 /* Sources */,
				D0AB0E752470B74D00D3E6B6 /* Frameworks */,
				D0AB0E762470B74D00D3E6B6 /* Resources */,
			);
			buildRules = (
			);
			dependencies = (
			);
			name = ActionExtension;
			productName = ActionExtension;
			productReference = D0AB0E782470B74D00D3E6B6 /* ActionExtension.appex */;
			productType = "com.apple.product-type.app-extension";
		};
		D0CFE5321888A7BD00165839 /* iOCNotes */ = {
			isa = PBXNativeTarget;
			buildConfigurationList = D0CFE5681888A7BD00165839 /* Build configuration list for PBXNativeTarget "iOCNotes" */;
			buildPhases = (
				AA592A6D2DBBB97B003A3057 /* SwiftLint */,
				D0CFE52F1888A7BD00165839 /* Sources */,
				D0CFE5301888A7BD00165839 /* Frameworks */,
				D0CFE5311888A7BD00165839 /* Resources */,
				D094DACC24661889007E562B /* Embed Foundation Extensions */,
			);
			buildRules = (
			);
			dependencies = (
				D0AB0E832470B74D00D3E6B6 /* PBXTargetDependency */,
			);
			fileSystemSynchronizedGroups = (
				AA4C16BF2D8332C1006AFE8C /* iOCNotes */,
			);
			name = iOCNotes;
			packageProductDependencies = (
				D0595C7B238632610004C4E8 /* KeychainAccess */,
				D06CDA5F238F6EC300CF90B0 /* Alamofire */,
				D0C876DE248F18700052EA63 /* Version */,
				D0CAFF082533E7FB00C47FA0 /* SwiftMessages */,
				D0CAFF152533E89900C47FA0 /* PKHUD */,
				D0E60F232777DD38009CF78F /* cmark_gfm_swift */,
				D02D15CB2905D756006ADCBB /* OpenSSL */,
				F77B56FE2993DE6300A23E76 /* NextcloudKit */,
				F75D7B1129C8687C00ABD392 /* JGProgressHUD */,
			);
			productName = iOCNotes;
			productReference = D0CFE5331888A7BD00165839 /* Nextcloud Notes.app */;
			productType = "com.apple.product-type.application";
		};
/* End PBXNativeTarget section */

/* Begin PBXProject section */
		D0CFE52B1888A7BD00165839 /* Project object */ = {
			isa = PBXProject;
			attributes = {
				BuildIndependentTargetsInParallel = YES;
				CLASSPREFIX = "";
				LastSwiftUpdateCheck = 1140;
				LastUpgradeCheck = 1630;
				ORGANIZATIONNAME = "Milen Pivchev";
				TargetAttributes = {
					D0AB0E772470B74D00D3E6B6 = {
						CreatedOnToolsVersion = 11.4.1;
					};
					D0CFE5321888A7BD00165839 = {
						LastSwiftMigration = 0810;
					};
				};
			};
			buildConfigurationList = D0CFE52E1888A7BD00165839 /* Build configuration list for PBXProject "iOCNotes" */;
			compatibilityVersion = "Xcode 3.2";
			developmentRegion = en;
			hasScannedForEncodings = 0;
			knownRegions = (
				en,
				Base,
				fr,
				de,
				cs,
				ko,
			);
			mainGroup = D0CFE52A1888A7BD00165839;
			packageReferences = (
				D0595C7A238632610004C4E8 /* XCRemoteSwiftPackageReference "KeychainAccess" */,
				D06CDA5E238F6EC300CF90B0 /* XCRemoteSwiftPackageReference "Alamofire" */,
				D0C876DD248F18700052EA63 /* XCRemoteSwiftPackageReference "Version" */,
				D0CAFF072533E7FB00C47FA0 /* XCRemoteSwiftPackageReference "SwiftMessages" */,
				D0CAFF142533E89900C47FA0 /* XCRemoteSwiftPackageReference "PKHUD" */,
				D0E60F222777DD38009CF78F /* XCRemoteSwiftPackageReference "cmark-gfm-swift" */,
				D02D15CA2905D756006ADCBB /* XCRemoteSwiftPackageReference "OpenSSL" */,
				F77B56FD2993DE6300A23E76 /* XCRemoteSwiftPackageReference "NextcloudKit" */,
				F75D7B1029C8687C00ABD392 /* XCRemoteSwiftPackageReference "JGProgressHUD" */,
			);
			productRefGroup = D0CFE5341888A7BD00165839 /* Products */;
			projectDirPath = "";
			projectRoot = "";
			targets = (
				D0CFE5321888A7BD00165839 /* iOCNotes */,
				D0AB0E772470B74D00D3E6B6 /* ActionExtension */,
			);
		};
/* End PBXProject section */

/* Begin PBXResourcesBuildPhase section */
		D0AB0E762470B74D00D3E6B6 /* Resources */ = {
			isa = PBXResourcesBuildPhase;
			buildActionMask = 2147483647;
			files = (
				D0AB0E7B2470B74D00D3E6B6 /* Media.xcassets in Resources */,
				D0AB0E802470B74D00D3E6B6 /* MainInterface.storyboard in Resources */,
			);
			runOnlyForDeploymentPostprocessing = 0;
		};
		D0CFE5311888A7BD00165839 /* Resources */ = {
			isa = PBXResourcesBuildPhase;
			buildActionMask = 2147483647;
			files = (
				F389ABFF2C9C40210056C059 /* Custom.xcassets in Resources */,
				BDD015A1234CF551000BA001 /* Colors.xcassets in Resources */,
				F7F0812A299D0B53006A2041 /* NCViewerNextcloudText.storyboard in Resources */,
				D0BCFE612454BF0B007C4CA3 /* Settings.storyboard in Resources */,
				D00CDFBF194E65B3007505E9 /* Localizable.strings in Resources */,
				D004DB7723920E820080A7D1 /* Preview.bundle in Resources */,
				F7BB8B7229915A650010D2F7 /* Launch Screen.storyboard in Resources */,
				D0B6D4AF22F91DDA0037E073 /* CollapsibleTableViewHeaderView.xib in Resources */,
				D02256C71891FD7C0038232A /* defaults.plist in Resources */,
				D09E430C1E2C46930010E4B3 /* Main_iPhone.storyboard in Resources */,
				D0225709189745C40038232A /* Settings.bundle in Resources */,
				F77B57042993E32100A23E76 /* NCShareAccounts.storyboard in Resources */,
				D0E60F76277FB0A5009CF78F /* Themes.bundle in Resources */,
				D0BCFE6A2454BF40007C4CA3 /* Categories.storyboard in Resources */,
				D0CFE5411888A7BD00165839 /* InfoPlist.strings in Resources */,
			);
			runOnlyForDeploymentPostprocessing = 0;
		};
/* End PBXResourcesBuildPhase section */

/* Begin PBXShellScriptBuildPhase section */
		AA592A6D2DBBB97B003A3057 /* SwiftLint */ = {
			isa = PBXShellScriptBuildPhase;
			alwaysOutOfDate = 1;
			buildActionMask = 2147483647;
			files = (
			);
			inputFileListPaths = (
			);
			inputPaths = (
			);
			name = SwiftLint;
			outputFileListPaths = (
			);
			outputPaths = (
			);
			runOnlyForDeploymentPostprocessing = 0;
			shellPath = /bin/zsh;
			shellScript = "# https://github.com/realm/SwiftLint?tab=readme-ov-file#consideration-for-apple-silicon\n\nif [[ \"$(uname -m)\" == arm64 ]]\nthen\n    export PATH=\"/opt/homebrew/bin:$PATH\"\nfi\n\nif command -v swiftlint >/dev/null 2>&1\nthen\n    swiftlint\nelse\n    echo \"warning: `swiftlint` command not found - See https://github.com/realm/SwiftLint#installation for installation instructions.\"\nfi\n";
			showEnvVarsInLog = 0;
		};
/* End PBXShellScriptBuildPhase section */

/* Begin PBXSourcesBuildPhase section */
		D0AB0E742470B74D00D3E6B6 /* Sources */ = {
			isa = PBXSourcesBuildPhase;
			buildActionMask = 2147483647;
			files = (
				D0AB0E7D2470B74D00D3E6B6 /* ActionViewController.swift in Sources */,
			);
			runOnlyForDeploymentPostprocessing = 0;
		};
		D0CFE52F1888A7BD00165839 /* Sources */ = {
			isa = PBXSourcesBuildPhase;
			buildActionMask = 2147483647;
			files = (
				F3E3C8DC2C6B7DA600A80504 /* UIColor+Extension.swift in Sources */,
				F3E3C8D92C6B7C2200A80504 /* NCBrand.swift in Sources */,
				D095384A1D3313F8006BB78E /* PreviewViewController.swift in Sources */,
				D0E60F1A27756608009CF78F /* LoginViewController.swift in Sources */,
				D0B0F3A427360BD000E51C3F /* NotesFRCManager.swift in Sources */,
				D06882EC22BACDA300CEBC1F /* SettingsTableViewController.swift in Sources */,
				D0E60F152772D809009CF78F /* SettingsProtocol.swift in Sources */,
				BDD015A32353F7D4000BA001 /* PBHSplitViewController.swift in Sources */,
				D0E60F1827741633009CF78F /* FileExtensionTableViewController.swift in Sources */,
				D095AE45245BB25F00A7EF62 /* NoteSessionManager.swift in Sources */,
				D0E60F5E277FADD5009CF78F /* Theme.swift in Sources */,
				D07F5E8E2207B6FF00528E90 /* NoteRouter.swift in Sources */,
				D09E6451248B3A7C003FB4C9 /* OCSProtocol.swift in Sources */,
				D0E60F5C277FADD5009CF78F /* AttributedStringKey.swift in Sources */,
				BD653F88231C43FA00D59A88 /* Constants.swift in Sources */,
				D01067E42213BDF30047E090 /* AppDelegate.swift in Sources */,
				F3F734512C6FA550007C8C0B /* Notes.xcdatamodeld in Sources */,
				F3F7344F2C6FA550007C8C0B /* CDNote+CoreDataProperties.swift in Sources */,
				F7F0812B299D0B53006A2041 /* NCViewerNextcloudText.swift in Sources */,
				D0E38B0324930C410075B7F0 /* Throttler.swift in Sources */,
				D01067E62213C17D0047E090 /* NotesTableViewController.swift in Sources */,
				D0B6D4AE22F91DDA0037E073 /* CollapsibleTableViewHeaderView.swift in Sources */,
				BD92271B22CD3743004E2408 /* UtilityExtensions.swift in Sources */,
				D0E60F71277FADD6009CF78F /* CheckBoxTapHandler.swift in Sources */,
				D0E60F5F277FADD5009CF78F /* Element.swift in Sources */,
				D0C1C39F2462448D00AAC4A8 /* SyncOperation.swift in Sources */,
				D0E60F74277FADD6009CF78F /* Extensions.swift in Sources */,
				F3F7344E2C6FA550007C8C0B /* CDNote+CoreDataClass.swift in Sources */,
				D075B1BC2906DDBF0085D64E /* ServerStatus.swift in Sources */,
				D0E60F57277FADD5009CF78F /* Storage.swift in Sources */,
				D0545F23230901D30001D165 /* PBHOpenInActivity.swift in Sources */,
				F3F734582C6FAC17007C8C0B /* Theming.swift in Sources */,
				D06882EE22BB146200CEBC1F /* EditorViewController.swift in Sources */,
				F77B57052993E32100A23E76 /* NCShareAccounts.swift in Sources */,
				F770842529C45BD000367DBD /* NCService.swift in Sources */,
				F770842729C462C700367DBD /* NCNetworking.swift in Sources */,
				D0E60F59277FADD5009CF78F /* Style.swift in Sources */,
				D03493B722F2837500E1A9B0 /* NoteTableViewCell.swift in Sources */,
				F3F734522C6FA550007C8C0B /* NotesData.swift in Sources */,
				D01067E22213BB5E0047E090 /* NoteProtocol.swift in Sources */,
				D059F7DB1D40596D00C252F2 /* NoteExporter.swift in Sources */,
				F77B57082993E39500A23E76 /* NCPopupViewController.swift in Sources */,
				BD86DD8522B9CDD500115E5D /* KeychainHelper.swift in Sources */,
				F3F7345B2C6FAD80007C8C0B /* BaseUIVIewController.swift in Sources */,
				D08713ED1D18DA40001EAF82 /* HeaderTextView.swift in Sources */,
				D0E60F5A277FADD5009CF78F /* UniversalTypes.swift in Sources */,
				D0E60F28277801F8009CF78F /* PreviewWebView.swift in Sources */,
				D03493B922F3CC5700E1A9B0 /* CategoryTableViewController.swift in Sources */,
				D0E60F64277FADD6009CF78F /* LayoutManager.swift in Sources */,
				D075B1BE29074E6B0085D64E /* CertificateViewController.swift in Sources */,
			);
			runOnlyForDeploymentPostprocessing = 0;
		};
/* End PBXSourcesBuildPhase section */

/* Begin PBXTargetDependency section */
		D0AB0E832470B74D00D3E6B6 /* PBXTargetDependency */ = {
			isa = PBXTargetDependency;
			target = D0AB0E772470B74D00D3E6B6 /* ActionExtension */;
			targetProxy = D0AB0E822470B74D00D3E6B6 /* PBXContainerItemProxy */;
		};
/* End PBXTargetDependency section */

/* Begin PBXVariantGroup section */
		D00CDFC1194E65B4007505E9 /* Localizable.strings */ = {
			isa = PBXVariantGroup;
			children = (
				D00CDFC0194E65B4007505E9 /* en */,
				D00CDFC2194E65D4007505E9 /* fr */,
				D00CDFC5194E6835007505E9 /* de */,
				D0B0F39F2734C11200E51C3F /* cs */,
				D0B0F3A02734C11700E51C3F /* ko */,
			);
			name = Localizable.strings;
			sourceTree = "<group>";
		};
		D09E430E1E2C46930010E4B3 /* Main_iPhone.storyboard */ = {
			isa = PBXVariantGroup;
			children = (
				D09E430D1E2C46930010E4B3 /* Base */,
				D09E430F1E2C469C0010E4B3 /* en */,
				D09E43101E2C469F0010E4B3 /* fr */,
				D09E43111E2C46A20010E4B3 /* de */,
				D076F73A26BCBEBB0093F22A /* cs */,
				D03E93DC2734BEF30066BC8F /* ko */,
			);
			name = Main_iPhone.storyboard;
			sourceTree = "<group>";
		};
		D0AB0E7E2470B74D00D3E6B6 /* MainInterface.storyboard */ = {
			isa = PBXVariantGroup;
			children = (
				D0AB0E7F2470B74D00D3E6B6 /* Base */,
				D065572D2486E4CE001D61E6 /* de */,
				D076F74026BCBEC00093F22A /* cs */,
				D03E93DF2734BEF30066BC8F /* ko */,
			);
			name = MainInterface.storyboard;
			sourceTree = "<group>";
		};
		D0B83F3024771F7700A394C1 /* Info.plist */ = {
			isa = PBXVariantGroup;
			children = (
				D0B83F2F24771F7700A394C1 /* Base */,
				D0B83F3124771F8100A394C1 /* en */,
				D0B83F3224771F8500A394C1 /* fr */,
				D0B83F3324771F8600A394C1 /* de */,
				D076F74526BCBEC10093F22A /* cs */,
				D0B0F3A22734C1D500E51C3F /* ko */,
			);
			name = Info.plist;
			sourceTree = "<group>";
		};
		D0BCFE632454BF0B007C4CA3 /* Settings.storyboard */ = {
			isa = PBXVariantGroup;
			children = (
				D0BCFE622454BF0B007C4CA3 /* Base */,
				D0BCFE652454BF15007C4CA3 /* en */,
				D0BCFE672454BF17007C4CA3 /* de */,
				D0BCFE692454BF1A007C4CA3 /* fr */,
				D076F73B26BCBEBB0093F22A /* cs */,
				D03E93DD2734BEF30066BC8F /* ko */,
			);
			name = Settings.storyboard;
			sourceTree = "<group>";
		};
		D0BCFE6C2454BF40007C4CA3 /* Categories.storyboard */ = {
			isa = PBXVariantGroup;
			children = (
				D0BCFE6B2454BF40007C4CA3 /* Base */,
				D0BCFE6E2454BF46007C4CA3 /* en */,
				D0BCFE702454BF46007C4CA3 /* fr */,
				D0BCFE722454BF47007C4CA3 /* de */,
				D076F73C26BCBEBB0093F22A /* cs */,
				D03E93DE2734BEF30066BC8F /* ko */,
			);
			name = Categories.storyboard;
			sourceTree = "<group>";
		};
		D0CFE53F1888A7BD00165839 /* InfoPlist.strings */ = {
			isa = PBXVariantGroup;
			children = (
				D0CFE5401888A7BD00165839 /* en */,
				D00CDFBB194E64F9007505E9 /* fr */,
				D00CDFC6194E6835007505E9 /* de */,
				D076F73E26BCBEC00093F22A /* cs */,
				D0B0F3A12734C11F00E51C3F /* ko */,
			);
			name = InfoPlist.strings;
			sourceTree = "<group>";
		};
		D0CFE5611888A7BD00165839 /* InfoPlist.strings */ = {
			isa = PBXVariantGroup;
			children = (
				D0CFE5621888A7BD00165839 /* en */,
				D00CDFBC194E64F9007505E9 /* fr */,
				D00CDFC7194E6835007505E9 /* de */,
				D076F74226BCBEC00093F22A /* cs */,
				D03E93E12734BF060066BC8F /* ko */,
			);
			name = InfoPlist.strings;
			sourceTree = "<group>";
		};
/* End PBXVariantGroup section */

/* Begin XCBuildConfiguration section */
		D0AB0E862470B74D00D3E6B6 /* Debug */ = {
			isa = XCBuildConfiguration;
			buildSettings = {
				ASSETCATALOG_COMPILER_APPICON_NAME = AppIcon;
				CLANG_ANALYZER_NONNULL = YES;
				CLANG_ANALYZER_NUMBER_OBJECT_CONVERSION = YES_AGGRESSIVE;
				CLANG_CXX_LANGUAGE_STANDARD = "gnu++14";
				CLANG_ENABLE_OBJC_WEAK = YES;
				CLANG_WARN_DOCUMENTATION_COMMENTS = YES;
				CLANG_WARN_UNGUARDED_AVAILABILITY = YES_AGGRESSIVE;
				CODE_SIGN_IDENTITY = "iPhone Developer";
				"CODE_SIGN_IDENTITY[sdk=iphoneos*]" = "iPhone Developer";
				CODE_SIGN_STYLE = Automatic;
				DEBUG_INFORMATION_FORMAT = dwarf;
				GCC_C_LANGUAGE_STANDARD = gnu11;
				GCC_WARN_UNINITIALIZED_AUTOS = YES_AGGRESSIVE;
				INFOPLIST_FILE = ActionExtension/Base.lproj/Info.plist;
				IPHONEOS_DEPLOYMENT_TARGET = 12.0;
				LD_RUNPATH_SEARCH_PATHS = (
					"$(inherited)",
					"@executable_path/Frameworks",
					"@executable_path/../../Frameworks",
				);
				MTL_ENABLE_DEBUG_INFO = INCLUDE_SOURCE;
				MTL_FAST_MATH = YES;
				PRODUCT_BUNDLE_IDENTIFIER = "$(PRODUCT_BUNDLE_IDENTIFIER).ActionExtension";
				PRODUCT_NAME = "$(TARGET_NAME)";
				SKIP_INSTALL = YES;
				SWIFT_ACTIVE_COMPILATION_CONDITIONS = DEBUG;
				SWIFT_VERSION = 5.0;
				TARGETED_DEVICE_FAMILY = "1,2";
			};
			name = Debug;
		};
		D0AB0E872470B74D00D3E6B6 /* Release */ = {
			isa = XCBuildConfiguration;
			buildSettings = {
				ASSETCATALOG_COMPILER_APPICON_NAME = AppIcon;
				CLANG_ANALYZER_NONNULL = YES;
				CLANG_ANALYZER_NUMBER_OBJECT_CONVERSION = YES_AGGRESSIVE;
				CLANG_CXX_LANGUAGE_STANDARD = "gnu++14";
				CLANG_ENABLE_OBJC_WEAK = YES;
				CLANG_WARN_DOCUMENTATION_COMMENTS = YES;
				CLANG_WARN_UNGUARDED_AVAILABILITY = YES_AGGRESSIVE;
				CODE_SIGN_IDENTITY = "iPhone Developer";
				"CODE_SIGN_IDENTITY[sdk=iphoneos*]" = "iPhone Developer";
				CODE_SIGN_STYLE = Automatic;
				COPY_PHASE_STRIP = NO;
				DEBUG_INFORMATION_FORMAT = "dwarf-with-dsym";
				GCC_C_LANGUAGE_STANDARD = gnu11;
				GCC_WARN_UNINITIALIZED_AUTOS = YES_AGGRESSIVE;
				INFOPLIST_FILE = ActionExtension/Base.lproj/Info.plist;
				IPHONEOS_DEPLOYMENT_TARGET = 12.0;
				LD_RUNPATH_SEARCH_PATHS = (
					"$(inherited)",
					"@executable_path/Frameworks",
					"@executable_path/../../Frameworks",
				);
				MTL_ENABLE_DEBUG_INFO = NO;
				MTL_FAST_MATH = YES;
				PRODUCT_BUNDLE_IDENTIFIER = "$(PRODUCT_BUNDLE_IDENTIFIER).ActionExtension";
				PRODUCT_NAME = "$(TARGET_NAME)";
				SKIP_INSTALL = YES;
				SWIFT_VERSION = 5.0;
				TARGETED_DEVICE_FAMILY = "1,2";
			};
			name = Release;
		};
		D0CFE5661888A7BD00165839 /* Debug */ = {
			isa = XCBuildConfiguration;
			baseConfigurationReference = AA360F442D71E6EF00BDC831 /* iOCNotes.xcconfig */;
			buildSettings = {
				ALWAYS_SEARCH_USER_PATHS = NO;
				ASSETCATALOG_COMPILER_GENERATE_SWIFT_ASSET_SYMBOL_EXTENSIONS = YES;
				CLANG_ANALYZER_LOCALIZABILITY_NONLOCALIZED = YES;
				CLANG_CXX_LANGUAGE_STANDARD = "gnu++0x";
				CLANG_CXX_LIBRARY = "libc++";
				CLANG_ENABLE_MODULES = YES;
				CLANG_ENABLE_OBJC_ARC = YES;
				CLANG_WARN_BLOCK_CAPTURE_AUTORELEASING = YES;
				CLANG_WARN_BOOL_CONVERSION = YES;
				CLANG_WARN_COMMA = YES;
				CLANG_WARN_CONSTANT_CONVERSION = YES;
				CLANG_WARN_DEPRECATED_OBJC_IMPLEMENTATIONS = YES;
				CLANG_WARN_DIRECT_OBJC_ISA_USAGE = YES_ERROR;
				CLANG_WARN_EMPTY_BODY = YES;
				CLANG_WARN_ENUM_CONVERSION = YES;
				CLANG_WARN_INFINITE_RECURSION = YES;
				CLANG_WARN_INT_CONVERSION = YES;
				CLANG_WARN_NON_LITERAL_NULL_CONVERSION = YES;
				CLANG_WARN_OBJC_IMPLICIT_RETAIN_SELF = YES;
				CLANG_WARN_OBJC_LITERAL_CONVERSION = YES;
				CLANG_WARN_OBJC_ROOT_CLASS = YES_ERROR;
				CLANG_WARN_QUOTED_INCLUDE_IN_FRAMEWORK_HEADER = YES;
				CLANG_WARN_RANGE_LOOP_ANALYSIS = YES;
				CLANG_WARN_STRICT_PROTOTYPES = YES;
				CLANG_WARN_SUSPICIOUS_MOVE = YES;
				CLANG_WARN_UNREACHABLE_CODE = YES;
				CLANG_WARN__DUPLICATE_METHOD_MATCH = YES;
				"CODE_SIGN_IDENTITY[sdk=iphoneos*]" = "iPhone Developer";
				COPY_PHASE_STRIP = NO;
				DEVELOPMENT_TEAM = NKUJUXUJ3B;
				ENABLE_STRICT_OBJC_MSGSEND = YES;
				ENABLE_TESTABILITY = YES;
				ENABLE_TESTING_SEARCH_PATHS = YES;
				GCC_C_LANGUAGE_STANDARD = gnu99;
				GCC_DYNAMIC_NO_PIC = NO;
				GCC_NO_COMMON_BLOCKS = YES;
				GCC_OPTIMIZATION_LEVEL = 0;
				GCC_PREPROCESSOR_DEFINITIONS = (
					"DEBUG=1",
					"$(inherited)",
					NC,
				);
				GCC_SYMBOLS_PRIVATE_EXTERN = NO;
				GCC_WARN_64_TO_32_BIT_CONVERSION = YES;
				GCC_WARN_ABOUT_RETURN_TYPE = YES_ERROR;
				GCC_WARN_UNDECLARED_SELECTOR = YES;
				GCC_WARN_UNINITIALIZED_AUTOS = YES;
				GCC_WARN_UNUSED_FUNCTION = YES;
				GCC_WARN_UNUSED_VARIABLE = YES;
				IPHONEOS_DEPLOYMENT_TARGET = 13.0;
				ONLY_ACTIVE_ARCH = YES;
				SDKROOT = iphoneos;
				SWIFT_ACTIVE_COMPILATION_CONDITIONS = "NC DEBUG";
				SWIFT_OPTIMIZATION_LEVEL = "-Onone";
				TARGETED_DEVICE_FAMILY = "1,2";
			};
			name = Debug;
		};
		D0CFE5671888A7BD00165839 /* Release */ = {
			isa = XCBuildConfiguration;
			baseConfigurationReference = AA360F442D71E6EF00BDC831 /* iOCNotes.xcconfig */;
			buildSettings = {
				ALWAYS_SEARCH_USER_PATHS = NO;
				ASSETCATALOG_COMPILER_GENERATE_SWIFT_ASSET_SYMBOL_EXTENSIONS = YES;
				CLANG_ANALYZER_LOCALIZABILITY_NONLOCALIZED = YES;
				CLANG_CXX_LANGUAGE_STANDARD = "gnu++0x";
				CLANG_CXX_LIBRARY = "libc++";
				CLANG_ENABLE_MODULES = YES;
				CLANG_ENABLE_OBJC_ARC = YES;
				CLANG_WARN_BLOCK_CAPTURE_AUTORELEASING = YES;
				CLANG_WARN_BOOL_CONVERSION = YES;
				CLANG_WARN_COMMA = YES;
				CLANG_WARN_CONSTANT_CONVERSION = YES;
				CLANG_WARN_DEPRECATED_OBJC_IMPLEMENTATIONS = YES;
				CLANG_WARN_DIRECT_OBJC_ISA_USAGE = YES_ERROR;
				CLANG_WARN_EMPTY_BODY = YES;
				CLANG_WARN_ENUM_CONVERSION = YES;
				CLANG_WARN_INFINITE_RECURSION = YES;
				CLANG_WARN_INT_CONVERSION = YES;
				CLANG_WARN_NON_LITERAL_NULL_CONVERSION = YES;
				CLANG_WARN_OBJC_IMPLICIT_RETAIN_SELF = YES;
				CLANG_WARN_OBJC_LITERAL_CONVERSION = YES;
				CLANG_WARN_OBJC_ROOT_CLASS = YES_ERROR;
				CLANG_WARN_QUOTED_INCLUDE_IN_FRAMEWORK_HEADER = YES;
				CLANG_WARN_RANGE_LOOP_ANALYSIS = YES;
				CLANG_WARN_STRICT_PROTOTYPES = YES;
				CLANG_WARN_SUSPICIOUS_MOVE = YES;
				CLANG_WARN_UNREACHABLE_CODE = YES;
				CLANG_WARN__DUPLICATE_METHOD_MATCH = YES;
				"CODE_SIGN_IDENTITY[sdk=iphoneos*]" = "iPhone Developer";
				COPY_PHASE_STRIP = YES;
				DEVELOPMENT_TEAM = NKUJUXUJ3B;
				ENABLE_NS_ASSERTIONS = NO;
				ENABLE_STRICT_OBJC_MSGSEND = YES;
				ENABLE_TESTING_SEARCH_PATHS = YES;
				GCC_C_LANGUAGE_STANDARD = gnu99;
				GCC_NO_COMMON_BLOCKS = YES;
				GCC_PREPROCESSOR_DEFINITIONS = (
					"$(inherited)",
					NC,
				);
				GCC_WARN_64_TO_32_BIT_CONVERSION = YES;
				GCC_WARN_ABOUT_RETURN_TYPE = YES_ERROR;
				GCC_WARN_UNDECLARED_SELECTOR = YES;
				GCC_WARN_UNINITIALIZED_AUTOS = YES;
				GCC_WARN_UNUSED_FUNCTION = YES;
				GCC_WARN_UNUSED_VARIABLE = YES;
				IPHONEOS_DEPLOYMENT_TARGET = 13.0;
				SDKROOT = iphoneos;
				SWIFT_ACTIVE_COMPILATION_CONDITIONS = NC;
				SWIFT_COMPILATION_MODE = wholemodule;
				SWIFT_OPTIMIZATION_LEVEL = "-O";
				TARGETED_DEVICE_FAMILY = "1,2";
				VALIDATE_PRODUCT = YES;
			};
			name = Release;
		};
		D0CFE5691888A7BD00165839 /* Debug */ = {
			isa = XCBuildConfiguration;
			buildSettings = {
				ASSETCATALOG_COMPILER_APPICON_NAME = AppIcon;
				CODE_SIGN_ENTITLEMENTS = Brand/iOCNotes.entitlements;
				CODE_SIGN_IDENTITY = "iPhone Developer";
				"CODE_SIGN_IDENTITY[sdk=iphoneos*]" = "iPhone Developer";
				DEFINES_MODULE = YES;
				ENABLE_MODULE_VERIFIER = YES;
				FRAMEWORK_SEARCH_PATHS = (
					"$(inherited)",
					"$(PROJECT_DIR)",
				);
				GCC_PRECOMPILE_PREFIX_HEADER = YES;
				INFOPLIST_FILE = Brand/iOCNotes.plist;
				IPHONEOS_DEPLOYMENT_TARGET = 17.0;
				LD_RUNPATH_SEARCH_PATHS = (
					"$(inherited)",
					"@executable_path/Frameworks",
				);
				MODULE_VERIFIER_SUPPORTED_LANGUAGE_STANDARDS = "gnu99 gnu++11";
				OTHER_LDFLAGS = "-ObjC";
				PRODUCT_MODULE_NAME = "$(TARGET_NAME:c99extidentifier)";
				PRODUCT_NAME = "Nextcloud Notes";
				SUPPORTS_MACCATALYST = NO;
				SWIFT_INCLUDE_PATHS = "$(inherited)";
				SWIFT_OPTIMIZATION_LEVEL = "-Onone";
				SWIFT_VERSION = 5.0;
				WRAPPER_EXTENSION = app;
				_EXPERIMENTAL_SWIFT_EXPLICIT_MODULES = YES;
			};
			name = Debug;
		};
		D0CFE56A1888A7BD00165839 /* Release */ = {
			isa = XCBuildConfiguration;
			buildSettings = {
				ASSETCATALOG_COMPILER_APPICON_NAME = AppIcon;
				CODE_SIGN_ENTITLEMENTS = Brand/iOCNotes.entitlements;
				CODE_SIGN_IDENTITY = "iPhone Developer";
				"CODE_SIGN_IDENTITY[sdk=iphoneos*]" = "iPhone Developer";
				DEFINES_MODULE = YES;
				ENABLE_MODULE_VERIFIER = YES;
				FRAMEWORK_SEARCH_PATHS = (
					"$(inherited)",
					"$(PROJECT_DIR)",
				);
				GCC_PRECOMPILE_PREFIX_HEADER = YES;
				INFOPLIST_FILE = Brand/iOCNotes.plist;
				IPHONEOS_DEPLOYMENT_TARGET = 17.0;
				LD_RUNPATH_SEARCH_PATHS = (
					"$(inherited)",
					"@executable_path/Frameworks",
				);
				MODULE_VERIFIER_SUPPORTED_LANGUAGE_STANDARDS = "gnu99 gnu++11";
				OTHER_LDFLAGS = "-ObjC";
				PRODUCT_MODULE_NAME = "$(TARGET_NAME:c99extidentifier)";
				PRODUCT_NAME = "Nextcloud Notes";
				SUPPORTS_MACCATALYST = NO;
				SWIFT_INCLUDE_PATHS = "$(inherited)";
				SWIFT_VERSION = 5.0;
				WRAPPER_EXTENSION = app;
				_EXPERIMENTAL_SWIFT_EXPLICIT_MODULES = YES;
			};
			name = Release;
		};
/* End XCBuildConfiguration section */

/* Begin XCConfigurationList section */
		D0AB0E852470B74D00D3E6B6 /* Build configuration list for PBXNativeTarget "ActionExtension" */ = {
			isa = XCConfigurationList;
			buildConfigurations = (
				D0AB0E862470B74D00D3E6B6 /* Debug */,
				D0AB0E872470B74D00D3E6B6 /* Release */,
			);
			defaultConfigurationIsVisible = 0;
			defaultConfigurationName = Release;
		};
		D0CFE52E1888A7BD00165839 /* Build configuration list for PBXProject "iOCNotes" */ = {
			isa = XCConfigurationList;
			buildConfigurations = (
				D0CFE5661888A7BD00165839 /* Debug */,
				D0CFE5671888A7BD00165839 /* Release */,
			);
			defaultConfigurationIsVisible = 0;
			defaultConfigurationName = Release;
		};
		D0CFE5681888A7BD00165839 /* Build configuration list for PBXNativeTarget "iOCNotes" */ = {
			isa = XCConfigurationList;
			buildConfigurations = (
				D0CFE5691888A7BD00165839 /* Debug */,
				D0CFE56A1888A7BD00165839 /* Release */,
			);
			defaultConfigurationIsVisible = 0;
			defaultConfigurationName = Release;
		};
/* End XCConfigurationList section */

/* Begin XCRemoteSwiftPackageReference section */
		D02D15CA2905D756006ADCBB /* XCRemoteSwiftPackageReference "OpenSSL" */ = {
			isa = XCRemoteSwiftPackageReference;
			repositoryURL = "https://github.com/krzyzanowskim/OpenSSL";
			requirement = {
				kind = upToNextMajorVersion;
				minimumVersion = 3.3.2000;
			};
		};
		D0595C7A238632610004C4E8 /* XCRemoteSwiftPackageReference "KeychainAccess" */ = {
			isa = XCRemoteSwiftPackageReference;
			repositoryURL = "https://github.com/kishikawakatsumi/KeychainAccess";
			requirement = {
				kind = upToNextMajorVersion;
				minimumVersion = 4.1.0;
			};
		};
		D06CDA5E238F6EC300CF90B0 /* XCRemoteSwiftPackageReference "Alamofire" */ = {
			isa = XCRemoteSwiftPackageReference;
			repositoryURL = "https://github.com/Alamofire/Alamofire";
			requirement = {
				kind = upToNextMajorVersion;
				minimumVersion = 5.1.0;
			};
		};
		D0C876DD248F18700052EA63 /* XCRemoteSwiftPackageReference "Version" */ = {
			isa = XCRemoteSwiftPackageReference;
			repositoryURL = "https://github.com/mrackwitz/Version";
			requirement = {
				kind = upToNextMajorVersion;
				minimumVersion = 0.8.0;
			};
		};
		D0CAFF072533E7FB00C47FA0 /* XCRemoteSwiftPackageReference "SwiftMessages" */ = {
			isa = XCRemoteSwiftPackageReference;
			repositoryURL = "https://github.com/SwiftKickMobile/SwiftMessages";
			requirement = {
				kind = upToNextMajorVersion;
				minimumVersion = 10.0.0;
			};
		};
		D0CAFF142533E89900C47FA0 /* XCRemoteSwiftPackageReference "PKHUD" */ = {
			isa = XCRemoteSwiftPackageReference;
			repositoryURL = "https://github.com/pkluz/PKHUD.git";
			requirement = {
				kind = upToNextMajorVersion;
				minimumVersion = 5.4.0;
			};
		};
		D0E60F222777DD38009CF78F /* XCRemoteSwiftPackageReference "cmark-gfm-swift" */ = {
			isa = XCRemoteSwiftPackageReference;
			repositoryURL = "https://github.com/cntrump/cmark-gfm-swift";
			requirement = {
				branch = master;
				kind = branch;
			};
		};
		F75D7B1029C8687C00ABD392 /* XCRemoteSwiftPackageReference "JGProgressHUD" */ = {
			isa = XCRemoteSwiftPackageReference;
			repositoryURL = "https://github.com/JonasGessner/JGProgressHUD.git";
			requirement = {
				kind = upToNextMajorVersion;
				minimumVersion = 2.0.0;
			};
		};
		F77B56FD2993DE6300A23E76 /* XCRemoteSwiftPackageReference "NextcloudKit" */ = {
			isa = XCRemoteSwiftPackageReference;
			repositoryURL = "https://github.com/nextcloud/NextcloudKit";
			requirement = {
				kind = exactVersion;
				version = 6.0.4;
			};
		};
/* End XCRemoteSwiftPackageReference section */

/* Begin XCSwiftPackageProductDependency section */
		D02D15CB2905D756006ADCBB /* OpenSSL */ = {
			isa = XCSwiftPackageProductDependency;
			package = D02D15CA2905D756006ADCBB /* XCRemoteSwiftPackageReference "OpenSSL" */;
			productName = OpenSSL;
		};
		D0595C7B238632610004C4E8 /* KeychainAccess */ = {
			isa = XCSwiftPackageProductDependency;
			package = D0595C7A238632610004C4E8 /* XCRemoteSwiftPackageReference "KeychainAccess" */;
			productName = KeychainAccess;
		};
		D06CDA5F238F6EC300CF90B0 /* Alamofire */ = {
			isa = XCSwiftPackageProductDependency;
			package = D06CDA5E238F6EC300CF90B0 /* XCRemoteSwiftPackageReference "Alamofire" */;
			productName = Alamofire;
		};
		D0C876DE248F18700052EA63 /* Version */ = {
			isa = XCSwiftPackageProductDependency;
			package = D0C876DD248F18700052EA63 /* XCRemoteSwiftPackageReference "Version" */;
			productName = Version;
		};
		D0CAFF082533E7FB00C47FA0 /* SwiftMessages */ = {
			isa = XCSwiftPackageProductDependency;
			package = D0CAFF072533E7FB00C47FA0 /* XCRemoteSwiftPackageReference "SwiftMessages" */;
			productName = SwiftMessages;
		};
		D0CAFF152533E89900C47FA0 /* PKHUD */ = {
			isa = XCSwiftPackageProductDependency;
			package = D0CAFF142533E89900C47FA0 /* XCRemoteSwiftPackageReference "PKHUD" */;
			productName = PKHUD;
		};
		D0E60F232777DD38009CF78F /* cmark_gfm_swift */ = {
			isa = XCSwiftPackageProductDependency;
			package = D0E60F222777DD38009CF78F /* XCRemoteSwiftPackageReference "cmark-gfm-swift" */;
			productName = cmark_gfm_swift;
		};
		F75D7B1129C8687C00ABD392 /* JGProgressHUD */ = {
			isa = XCSwiftPackageProductDependency;
			package = F75D7B1029C8687C00ABD392 /* XCRemoteSwiftPackageReference "JGProgressHUD" */;
			productName = JGProgressHUD;
		};
		F77B56FE2993DE6300A23E76 /* NextcloudKit */ = {
			isa = XCSwiftPackageProductDependency;
			package = F77B56FD2993DE6300A23E76 /* XCRemoteSwiftPackageReference "NextcloudKit" */;
			productName = NextcloudKit;
		};
/* End XCSwiftPackageProductDependency section */

/* Begin XCVersionGroup section */
		F3F7344A2C6FA550007C8C0B /* Notes.xcdatamodeld */ = {
			isa = XCVersionGroup;
			children = (
				F3F7344D2C6FA550007C8C0B /* Notes.xcdatamodel */,
			);
			currentVersion = F3F7344D2C6FA550007C8C0B /* Notes.xcdatamodel */;
			path = Notes.xcdatamodeld;
			sourceTree = "<group>";
			versionGroupType = wrapper.xcdatamodel;
		};
/* End XCVersionGroup section */
	};
	rootObject = D0CFE52B1888A7BD00165839 /* Project object */;
}
